// !$*UTF8*$!
{
	archiveVersion = 1;
	classes = {
	};
	objectVersion = 55;
	objects = {

/* Begin PBXBuildFile section */
		4DCE71FD285D46C2004667B4 /* AppDelegate.swift in Sources */ = {isa = PBXBuildFile; fileRef = 4DCE71FC285D46C2004667B4 /* AppDelegate.swift */; };
		4DCE71FF285D46C2004667B4 /* SceneDelegate.swift in Sources */ = {isa = PBXBuildFile; fileRef = 4DCE71FE285D46C2004667B4 /* SceneDelegate.swift */; };
		4DCE7204285D46C2004667B4 /* Main.storyboard in Resources */ = {isa = PBXBuildFile; fileRef = 4DCE7202285D46C2004667B4 /* Main.storyboard */; };
		4DCE7206285D46C3004667B4 /* Assets.xcassets in Resources */ = {isa = PBXBuildFile; fileRef = 4DCE7205285D46C3004667B4 /* Assets.xcassets */; };
		4DCE7209285D46C3004667B4 /* LaunchScreen.storyboard in Resources */ = {isa = PBXBuildFile; fileRef = 4DCE7207285D46C3004667B4 /* LaunchScreen.storyboard */; };
		4DCE7214285D46C3004667B4 /* TableViewControllerTests.swift in Sources */ = {isa = PBXBuildFile; fileRef = 4DCE7213285D46C3004667B4 /* TableViewControllerTests.swift */; };
		4DCE721E285D46C3004667B4 /* TableViewControllerUITests.swift in Sources */ = {isa = PBXBuildFile; fileRef = 4DCE721D285D46C3004667B4 /* TableViewControllerUITests.swift */; };
		4DCE7220285D46C3004667B4 /* TableViewControllerUITestsLaunchTests.swift in Sources */ = {isa = PBXBuildFile; fileRef = 4DCE721F285D46C3004667B4 /* TableViewControllerUITestsLaunchTests.swift */; };
		4DCE722D285D484B004667B4 /* TableTableViewController.swift in Sources */ = {isa = PBXBuildFile; fileRef = 4DCE722C285D484B004667B4 /* TableTableViewController.swift */; };
/* End PBXBuildFile section */

/* Begin PBXContainerItemProxy section */
		4DCE7210285D46C3004667B4 /* PBXContainerItemProxy */ = {
			isa = PBXContainerItemProxy;
			containerPortal = 4DCE71F1285D46C1004667B4 /* Project object */;
			proxyType = 1;
			remoteGlobalIDString = 4DCE71F8285D46C1004667B4;
			remoteInfo = TableViewController;
		};
		4DCE721A285D46C3004667B4 /* PBXContainerItemProxy */ = {
			isa = PBXContainerItemProxy;
			containerPortal = 4DCE71F1285D46C1004667B4 /* Project object */;
			proxyType = 1;
			remoteGlobalIDString = 4DCE71F8285D46C1004667B4;
			remoteInfo = TableViewController;
		};
/* End PBXContainerItemProxy section */

/* Begin PBXFileReference section */
		4DCE71F9285D46C1004667B4 /* TableViewController.app */ = {isa = PBXFileReference; explicitFileType = wrapper.application; includeInIndex = 0; path = TableViewController.app; sourceTree = BUILT_PRODUCTS_DIR; };
		4DCE71FC285D46C2004667B4 /* AppDelegate.swift */ = {isa = PBXFileReference; lastKnownFileType = sourcecode.swift; path = AppDelegate.swift; sourceTree = "<group>"; };
		4DCE71FE285D46C2004667B4 /* SceneDelegate.swift */ = {isa = PBXFileReference; lastKnownFileType = sourcecode.swift; path = SceneDelegate.swift; sourceTree = "<group>"; };
		4DCE7203285D46C2004667B4 /* Base */ = {isa = PBXFileReference; lastKnownFileType = file.storyboard; name = Base; path = Base.lproj/Main.storyboard; sourceTree = "<group>"; };
		4DCE7205285D46C3004667B4 /* Assets.xcassets */ = {isa = PBXFileReference; lastKnownFileType = folder.assetcatalog; path = Assets.xcassets; sourceTree = "<group>"; };
		4DCE7208285D46C3004667B4 /* Base */ = {isa = PBXFileReference; lastKnownFileType = file.storyboard; name = Base; path = Base.lproj/LaunchScreen.storyboard; sourceTree = "<group>"; };
		4DCE720A285D46C3004667B4 /* Info.plist */ = {isa = PBXFileReference; lastKnownFileType = text.plist.xml; path = Info.plist; sourceTree = "<group>"; };
		4DCE720F285D46C3004667B4 /* TableViewControllerTests.xctest */ = {isa = PBXFileReference; explicitFileType = wrapper.cfbundle; includeInIndex = 0; path = TableViewControllerTests.xctest; sourceTree = BUILT_PRODUCTS_DIR; };
		4DCE7213285D46C3004667B4 /* TableViewControllerTests.swift */ = {isa = PBXFileReference; lastKnownFileType = sourcecode.swift; path = TableViewControllerTests.swift; sourceTree = "<group>"; };
		4DCE7219285D46C3004667B4 /* TableViewControllerUITests.xctest */ = {isa = PBXFileReference; explicitFileType = wrapper.cfbundle; includeInIndex = 0; path = TableViewControllerUITests.xctest; sourceTree = BUILT_PRODUCTS_DIR; };
		4DCE721D285D46C3004667B4 /* TableViewControllerUITests.swift */ = {isa = PBXFileReference; lastKnownFileType = sourcecode.swift; path = TableViewControllerUITests.swift; sourceTree = "<group>"; };
		4DCE721F285D46C3004667B4 /* TableViewControllerUITestsLaunchTests.swift */ = {isa = PBXFileReference; lastKnownFileType = sourcecode.swift; path = TableViewControllerUITestsLaunchTests.swift; sourceTree = "<group>"; };
		4DCE722C285D484B004667B4 /* TableTableViewController.swift */ = {isa = PBXFileReference; lastKnownFileType = sourcecode.swift; path = TableTableViewController.swift; sourceTree = "<group>"; };
/* End PBXFileReference section */

/* Begin PBXFrameworksBuildPhase section */
		4DCE71F6285D46C1004667B4 /* Frameworks */ = {
			isa = PBXFrameworksBuildPhase;
			buildActionMask = 2147483647;
			files = (
			);
			runOnlyForDeploymentPostprocessing = 0;
		};
		4DCE720C285D46C3004667B4 /* Frameworks */ = {
			isa = PBXFrameworksBuildPhase;
			buildActionMask = 2147483647;
			files = (
			);
			runOnlyForDeploymentPostprocessing = 0;
		};
		4DCE7216285D46C3004667B4 /* Frameworks */ = {
			isa = PBXFrameworksBuildPhase;
			buildActionMask = 2147483647;
			files = (
			);
			runOnlyForDeploymentPostprocessing = 0;
		};
/* End PBXFrameworksBuildPhase section */

/* Begin PBXGroup section */
		4DCE71F0285D46C1004667B4 = {
			isa = PBXGroup;
			children = (
				4DCE71FB285D46C1004667B4 /* TableViewController */,
				4DCE7212285D46C3004667B4 /* TableViewControllerTests */,
				4DCE721C285D46C3004667B4 /* TableViewControllerUITests */,
				4DCE71FA285D46C1004667B4 /* Products */,
			);
			sourceTree = "<group>";
		};
		4DCE71FA285D46C1004667B4 /* Products */ = {
			isa = PBXGroup;
			children = (
				4DCE71F9285D46C1004667B4 /* TableViewController.app */,
				4DCE720F285D46C3004667B4 /* TableViewControllerTests.xctest */,
				4DCE7219285D46C3004667B4 /* TableViewControllerUITests.xctest */,
			);
			name = Products;
			sourceTree = "<group>";
		};
		4DCE71FB285D46C1004667B4 /* TableViewController */ = {
			isa = PBXGroup;
			children = (
				4DCE71FC285D46C2004667B4 /* AppDelegate.swift */,
				4DCE71FE285D46C2004667B4 /* SceneDelegate.swift */,
				4DCE7202285D46C2004667B4 /* Main.storyboard */,
				4DCE722C285D484B004667B4 /* TableTableViewController.swift */,
				4DCE7205285D46C3004667B4 /* Assets.xcassets */,
				4DCE7207285D46C3004667B4 /* LaunchScreen.storyboard */,
				4DCE720A285D46C3004667B4 /* Info.plist */,
			);
			path = TableViewController;
			sourceTree = "<group>";
		};
		4DCE7212285D46C3004667B4 /* TableViewControllerTests */ = {
			isa = PBXGroup;
			children = (
				4DCE7213285D46C3004667B4 /* TableViewControllerTests.swift */,
			);
			path = TableViewControllerTests;
			sourceTree = "<group>";
		};
		4DCE721C285D46C3004667B4 /* TableViewControllerUITests */ = {
			isa = PBXGroup;
			children = (
				4DCE721D285D46C3004667B4 /* TableViewControllerUITests.swift */,
				4DCE721F285D46C3004667B4 /* TableViewControllerUITestsLaunchTests.swift */,
			);
			path = TableViewControllerUITests;
			sourceTree = "<group>";
		};
/* End PBXGroup section */

/* Begin PBXNativeTarget section */
		4DCE71F8285D46C1004667B4 /* TableViewController */ = {
			isa = PBXNativeTarget;
			buildConfigurationList = 4DCE7223285D46C3004667B4 /* Build configuration list for PBXNativeTarget "TableViewController" */;
			buildPhases = (
				4DCE71F5285D46C1004667B4 /* Sources */,
				4DCE71F6285D46C1004667B4 /* Frameworks */,
				4DCE71F7285D46C1004667B4 /* Resources */,
			);
			buildRules = (
			);
			dependencies = (
			);
			name = TableViewController;
			productName = TableViewController;
			productReference = 4DCE71F9285D46C1004667B4 /* TableViewController.app */;
			productType = "com.apple.product-type.application";
		};
		4DCE720E285D46C3004667B4 /* TableViewControllerTests */ = {
			isa = PBXNativeTarget;
			buildConfigurationList = 4DCE7226285D46C3004667B4 /* Build configuration list for PBXNativeTarget "TableViewControllerTests" */;
			buildPhases = (
				4DCE720B285D46C3004667B4 /* Sources */,
				4DCE720C285D46C3004667B4 /* Frameworks */,
				4DCE720D285D46C3004667B4 /* Resources */,
			);
			buildRules = (
			);
			dependencies = (
				4DCE7211285D46C3004667B4 /* PBXTargetDependency */,
			);
			name = TableViewControllerTests;
			productName = TableViewControllerTests;
			productReference = 4DCE720F285D46C3004667B4 /* TableViewControllerTests.xctest */;
			productType = "com.apple.product-type.bundle.unit-test";
		};
		4DCE7218285D46C3004667B4 /* TableViewControllerUITests */ = {
			isa = PBXNativeTarget;
			buildConfigurationList = 4DCE7229285D46C3004667B4 /* Build configuration list for PBXNativeTarget "TableViewControllerUITests" */;
			buildPhases = (
				4DCE7215285D46C3004667B4 /* Sources */,
				4DCE7216285D46C3004667B4 /* Frameworks */,
				4DCE7217285D46C3004667B4 /* Resources */,
			);
			buildRules = (
			);
			dependencies = (
				4DCE721B285D46C3004667B4 /* PBXTargetDependency */,
			);
			name = TableViewControllerUITests;
			productName = TableViewControllerUITests;
			productReference = 4DCE7219285D46C3004667B4 /* TableViewControllerUITests.xctest */;
			productType = "com.apple.product-type.bundle.ui-testing";
		};
/* End PBXNativeTarget section */

/* Begin PBXProject section */
		4DCE71F1285D46C1004667B4 /* Project object */ = {
			isa = PBXProject;
			attributes = {
				BuildIndependentTargetsInParallel = 1;
				LastSwiftUpdateCheck = 1340;
				LastUpgradeCheck = 1340;
				TargetAttributes = {
					4DCE71F8285D46C1004667B4 = {
						CreatedOnToolsVersion = 13.4.1;
					};
					4DCE720E285D46C3004667B4 = {
						CreatedOnToolsVersion = 13.4.1;
						TestTargetID = 4DCE71F8285D46C1004667B4;
					};
					4DCE7218285D46C3004667B4 = {
						CreatedOnToolsVersion = 13.4.1;
						TestTargetID = 4DCE71F8285D46C1004667B4;
					};
				};
			};
			buildConfigurationList = 4DCE71F4285D46C1004667B4 /* Build configuration list for PBXProject "TableViewController" */;
			compatibilityVersion = "Xcode 13.0";
			developmentRegion = en;
			hasScannedForEncodings = 0;
			knownRegions = (
				en,
				Base,
			);
			mainGroup = 4DCE71F0285D46C1004667B4;
			productRefGroup = 4DCE71FA285D46C1004667B4 /* Products */;
			projectDirPath = "";
			projectRoot = "";
			targets = (
				4DCE71F8285D46C1004667B4 /* TableViewController */,
				4DCE720E285D46C3004667B4 /* TableViewControllerTests */,
				4DCE7218285D46C3004667B4 /* TableViewControllerUITests */,
			);
		};
/* End PBXProject section */

/* Begin PBXResourcesBuildPhase section */
		4DCE71F7285D46C1004667B4 /* Resources */ = {
			isa = PBXResourcesBuildPhase;
			buildActionMask = 2147483647;
			files = (
				4DCE7209285D46C3004667B4 /* LaunchScreen.storyboard in Resources */,
				4DCE7206285D46C3004667B4 /* Assets.xcassets in Resources */,
				4DCE7204285D46C2004667B4 /* Main.storyboard in Resources */,
			);
			runOnlyForDeploymentPostprocessing = 0;
		};
		4DCE720D285D46C3004667B4 /* Resources */ = {
			isa = PBXResourcesBuildPhase;
			buildActionMask = 2147483647;
			files = (
			);
			runOnlyForDeploymentPostprocessing = 0;
		};
		4DCE7217285D46C3004667B4 /* Resources */ = {
			isa = PBXResourcesBuildPhase;
			buildActionMask = 2147483647;
			files = (
			);
			runOnlyForDeploymentPostprocessing = 0;
		};
/* End PBXResourcesBuildPhase section */

/* Begin PBXSourcesBuildPhase section */
		4DCE71F5285D46C1004667B4 /* Sources */ = {
			isa = PBXSourcesBuildPhase;
			buildActionMask = 2147483647;
			files = (
				4DCE71FD285D46C2004667B4 /* AppDelegate.swift in Sources */,
				4DCE722D285D484B004667B4 /* TableTableViewController.swift in Sources */,
				4DCE71FF285D46C2004667B4 /* SceneDelegate.swift in Sources */,
			);
			runOnlyForDeploymentPostprocessing = 0;
		};
		4DCE720B285D46C3004667B4 /* Sources */ = {
			isa = PBXSourcesBuildPhase;
			buildActionMask = 2147483647;
			files = (
				4DCE7214285D46C3004667B4 /* TableViewControllerTests.swift in Sources */,
			);
			runOnlyForDeploymentPostprocessing = 0;
		};
		4DCE7215285D46C3004667B4 /* Sources */ = {
			isa = PBXSourcesBuildPhase;
			buildActionMask = 2147483647;
			files = (
				4DCE7220285D46C3004667B4 /* TableViewControllerUITestsLaunchTests.swift in Sources */,
				4DCE721E285D46C3004667B4 /* TableViewControllerUITests.swift in Sources */,
			);
			runOnlyForDeploymentPostprocessing = 0;
		};
/* End PBXSourcesBuildPhase section */

/* Begin PBXTargetDependency section */
		4DCE7211285D46C3004667B4 /* PBXTargetDependency */ = {
			isa = PBXTargetDependency;
			target = 4DCE71F8285D46C1004667B4 /* TableViewController */;
			targetProxy = 4DCE7210285D46C3004667B4 /* PBXContainerItemProxy */;
		};
		4DCE721B285D46C3004667B4 /* PBXTargetDependency */ = {
			isa = PBXTargetDependency;
			target = 4DCE71F8285D46C1004667B4 /* TableViewController */;
			targetProxy = 4DCE721A285D46C3004667B4 /* PBXContainerItemProxy */;
		};
/* End PBXTargetDependency section */

/* Begin PBXVariantGroup section */
		4DCE7202285D46C2004667B4 /* Main.storyboard */ = {
			isa = PBXVariantGroup;
			children = (
				4DCE7203285D46C2004667B4 /* Base */,
			);
			name = Main.storyboard;
			sourceTree = "<group>";
		};
		4DCE7207285D46C3004667B4 /* LaunchScreen.storyboard */ = {
			isa = PBXVariantGroup;
			children = (
				4DCE7208285D46C3004667B4 /* Base */,
			);
			name = LaunchScreen.storyboard;
			sourceTree = "<group>";
		};
/* End PBXVariantGroup section */

/* Begin XCBuildConfiguration section */
		4DCE7221285D46C3004667B4 /* Debug */ = {
			isa = XCBuildConfiguration;
			buildSettings = {
				ALWAYS_SEARCH_USER_PATHS = NO;
				CLANG_ANALYZER_NONNULL = YES;
				CLANG_ANALYZER_NUMBER_OBJECT_CONVERSION = YES_AGGRESSIVE;
				CLANG_CXX_LANGUAGE_STANDARD = "gnu++17";
				CLANG_ENABLE_MODULES = YES;
				CLANG_ENABLE_OBJC_ARC = YES;
				CLANG_ENABLE_OBJC_WEAK = YES;
				CLANG_WARN_BLOCK_CAPTURE_AUTORELEASING = YES;
				CLANG_WARN_BOOL_CONVERSION = YES;
				CLANG_WARN_COMMA = YES;
				CLANG_WARN_CONSTANT_CONVERSION = YES;
				CLANG_WARN_DEPRECATED_OBJC_IMPLEMENTATIONS = YES;
				CLANG_WARN_DIRECT_OBJC_ISA_USAGE = YES_ERROR;
				CLANG_WARN_DOCUMENTATION_COMMENTS = YES;
				CLANG_WARN_EMPTY_BODY = YES;
				CLANG_WARN_ENUM_CONVERSION = YES;
				CLANG_WARN_INFINITE_RECURSION = YES;
				CLANG_WARN_INT_CONVERSION = YES;
				CLANG_WARN_NON_LITERAL_NULL_CONVERSION = YES;
				CLANG_WARN_OBJC_IMPLICIT_RETAIN_SELF = YES;
				CLANG_WARN_OBJC_LITERAL_CONVERSION = YES;
				CLANG_WARN_OBJC_ROOT_CLASS = YES_ERROR;
				CLANG_WARN_QUOTED_INCLUDE_IN_FRAMEWORK_HEADER = YES;
				CLANG_WARN_RANGE_LOOP_ANALYSIS = YES;
				CLANG_WARN_STRICT_PROTOTYPES = YES;
				CLANG_WARN_SUSPICIOUS_MOVE = YES;
				CLANG_WARN_UNGUARDED_AVAILABILITY = YES_AGGRESSIVE;
				CLANG_WARN_UNREACHABLE_CODE = YES;
				CLANG_WARN__DUPLICATE_METHOD_MATCH = YES;
				COPY_PHASE_STRIP = NO;
				DEBUG_INFORMATION_FORMAT = dwarf;
				ENABLE_STRICT_OBJC_MSGSEND = YES;
				ENABLE_TESTABILITY = YES;
				GCC_C_LANGUAGE_STANDARD = gnu11;
				GCC_DYNAMIC_NO_PIC = NO;
				GCC_NO_COMMON_BLOCKS = YES;
				GCC_OPTIMIZATION_LEVEL = 0;
				GCC_PREPROCESSOR_DEFINITIONS = (
					"DEBUG=1",
					"$(inherited)",
				);
				GCC_WARN_64_TO_32_BIT_CONVERSION = YES;
				GCC_WARN_ABOUT_RETURN_TYPE = YES_ERROR;
				GCC_WARN_UNDECLARED_SELECTOR = YES;
				GCC_WARN_UNINITIALIZED_AUTOS = YES_AGGRESSIVE;
				GCC_WARN_UNUSED_FUNCTION = YES;
				GCC_WARN_UNUSED_VARIABLE = YES;
				IPHONEOS_DEPLOYMENT_TARGET = 15.5;
				MTL_ENABLE_DEBUG_INFO = INCLUDE_SOURCE;
				MTL_FAST_MATH = YES;
				ONLY_ACTIVE_ARCH = YES;
				SDKROOT = iphoneos;
				SWIFT_ACTIVE_COMPILATION_CONDITIONS = DEBUG;
				SWIFT_OPTIMIZATION_LEVEL = "-Onone";
			};
			name = Debug;
		};
		4DCE7222285D46C3004667B4 /* Release */ = {
			isa = XCBuildConfiguration;
			buildSettings = {
				ALWAYS_SEARCH_USER_PATHS = NO;
				CLANG_ANALYZER_NONNULL = YES;
				CLANG_ANALYZER_NUMBER_OBJECT_CONVERSION = YES_AGGRESSIVE;
				CLANG_CXX_LANGUAGE_STANDARD = "gnu++17";
				CLANG_ENABLE_MODULES = YES;
				CLANG_ENABLE_OBJC_ARC = YES;
				CLANG_ENABLE_OBJC_WEAK = YES;
				CLANG_WARN_BLOCK_CAPTURE_AUTORELEASING = YES;
				CLANG_WARN_BOOL_CONVERSION = YES;
				CLANG_WARN_COMMA = YES;
				CLANG_WARN_CONSTANT_CONVERSION = YES;
				CLANG_WARN_DEPRECATED_OBJC_IMPLEMENTATIONS = YES;
				CLANG_WARN_DIRECT_OBJC_ISA_USAGE = YES_ERROR;
				CLANG_WARN_DOCUMENTATION_COMMENTS = YES;
				CLANG_WARN_EMPTY_BODY = YES;
				CLANG_WARN_ENUM_CONVERSION = YES;
				CLANG_WARN_INFINITE_RECURSION = YES;
				CLANG_WARN_INT_CONVERSION = YES;
				CLANG_WARN_NON_LITERAL_NULL_CONVERSION = YES;
				CLANG_WARN_OBJC_IMPLICIT_RETAIN_SELF = YES;
				CLANG_WARN_OBJC_LITERAL_CONVERSION = YES;
				CLANG_WARN_OBJC_ROOT_CLASS = YES_ERROR;
				CLANG_WARN_QUOTED_INCLUDE_IN_FRAMEWORK_HEADER = YES;
				CLANG_WARN_RANGE_LOOP_ANALYSIS = YES;
				CLANG_WARN_STRICT_PROTOTYPES = YES;
				CLANG_WARN_SUSPICIOUS_MOVE = YES;
				CLANG_WARN_UNGUARDED_AVAILABILITY = YES_AGGRESSIVE;
				CLANG_WARN_UNREACHABLE_CODE = YES;
				CLANG_WARN__DUPLICATE_METHOD_MATCH = YES;
				COPY_PHASE_STRIP = NO;
				DEBUG_INFORMATION_FORMAT = "dwarf-with-dsym";
				ENABLE_NS_ASSERTIONS = NO;
				ENABLE_STRICT_OBJC_MSGSEND = YES;
				GCC_C_LANGUAGE_STANDARD = gnu11;
				GCC_NO_COMMON_BLOCKS = YES;
				GCC_WARN_64_TO_32_BIT_CONVERSION = YES;
				GCC_WARN_ABOUT_RETURN_TYPE = YES_ERROR;
				GCC_WARN_UNDECLARED_SELECTOR = YES;
				GCC_WARN_UNINITIALIZED_AUTOS = YES_AGGRESSIVE;
				GCC_WARN_UNUSED_FUNCTION = YES;
				GCC_WARN_UNUSED_VARIABLE = YES;
				IPHONEOS_DEPLOYMENT_TARGET = 15.5;
				MTL_ENABLE_DEBUG_INFO = NO;
				MTL_FAST_MATH = YES;
				SDKROOT = iphoneos;
				SWIFT_COMPILATION_MODE = wholemodule;
				SWIFT_OPTIMIZATION_LEVEL = "-O";
				VALIDATE_PRODUCT = YES;
			};
			name = Release;
		};
		4DCE7224285D46C3004667B4 /* Debug */ = {
			isa = XCBuildConfiguration;
			buildSettings = {
				ASSETCATALOG_COMPILER_APPICON_NAME = AppIcon;
				ASSETCATALOG_COMPILER_GLOBAL_ACCENT_COLOR_NAME = AccentColor;
				CODE_SIGN_STYLE = Automatic;
				CURRENT_PROJECT_VERSION = 1;
				DEVELOPMENT_TEAM = L8RMCCPV5X;
				GENERATE_INFOPLIST_FILE = YES;
				INFOPLIST_FILE = TableViewController/Info.plist;
				INFOPLIST_KEY_UIApplicationSupportsIndirectInputEvents = YES;
				INFOPLIST_KEY_UILaunchStoryboardName = LaunchScreen;
				INFOPLIST_KEY_UIMainStoryboardFile = Main;
				INFOPLIST_KEY_UISupportedInterfaceOrientations_iPad = "UIInterfaceOrientationPortrait UIInterfaceOrientationPortraitUpsideDown UIInterfaceOrientationLandscapeLeft UIInterfaceOrientationLandscapeRight";
				INFOPLIST_KEY_UISupportedInterfaceOrientations_iPhone = "UIInterfaceOrientationPortrait UIInterfaceOrientationLandscapeLeft UIInterfaceOrientationLandscapeRight";
				LD_RUNPATH_SEARCH_PATHS = (
					"$(inherited)",
					"@executable_path/Frameworks",
				);
				MARKETING_VERSION = 1.0;
				PRODUCT_BUNDLE_IDENTIFIER = compsci.TableViewController;
				PRODUCT_NAME = "$(TARGET_NAME)";
				SWIFT_EMIT_LOC_STRINGS = YES;
				SWIFT_VERSION = 5.0;
				TARGETED_DEVICE_FAMILY = "1,2";
			};
			name = Debug;
		};
		4DCE7225285D46C3004667B4 /* Release */ = {
			isa = XCBuildConfiguration;
			buildSettings = {
				ASSETCATALOG_COMPILER_APPICON_NAME = AppIcon;
				ASSETCATALOG_COMPILER_GLOBAL_ACCENT_COLOR_NAME = AccentColor;
				CODE_SIGN_STYLE = Automatic;
				CURRENT_PROJECT_VERSION = 1;
				DEVELOPMENT_TEAM = L8RMCCPV5X;
				GENERATE_INFOPLIST_FILE = YES;
				INFOPLIST_FILE = TableViewController/Info.plist;
				INFOPLIST_KEY_UIApplicationSupportsIndirectInputEvents = YES;
				INFOPLIST_KEY_UILaunchStoryboardName = LaunchScreen;
				INFOPLIST_KEY_UIMainStoryboardFile = Main;
				INFOPLIST_KEY_UISupportedInterfaceOrientations_iPad = "UIInterfaceOrientationPortrait UIInterfaceOrientationPortraitUpsideDown UIInterfaceOrientationLandscapeLeft UIInterfaceOrientationLandscapeRight";
				INFOPLIST_KEY_UISupportedInterfaceOrientations_iPhone = "UIInterfaceOrientationPortrait UIInterfaceOrientationLandscapeLeft UIInterfaceOrientationLandscapeRight";
				LD_RUNPATH_SEARCH_PATHS = (
					"$(inherited)",
					"@executable_path/Frameworks",
				);
				MARKETING_VERSION = 1.0;
				PRODUCT_BUNDLE_IDENTIFIER = compsci.TableViewController;
				PRODUCT_NAME = "$(TARGET_NAME)";
				SWIFT_EMIT_LOC_STRINGS = YES;
				SWIFT_VERSION = 5.0;
				TARGETED_DEVICE_FAMILY = "1,2";
			};
			name = Release;
		};
		4DCE7227285D46C3004667B4 /* Debug */ = {
			isa = XCBuildConfiguration;
			buildSettings = {
				ALWAYS_EMBED_SWIFT_STANDARD_LIBRARIES = YES;
				BUNDLE_LOADER = "$(TEST_HOST)";
				CODE_SIGN_STYLE = Automatic;
				CURRENT_PROJECT_VERSION = 1;
				DEVELOPMENT_TEAM = L8RMCCPV5X;
				GENERATE_INFOPLIST_FILE = YES;
				IPHONEOS_DEPLOYMENT_TARGET = 15.5;
				MARKETING_VERSION = 1.0;
				PRODUCT_BUNDLE_IDENTIFIER = compsci.TableViewControllerTests;
				PRODUCT_NAME = "$(TARGET_NAME)";
				SWIFT_EMIT_LOC_STRINGS = NO;
				SWIFT_VERSION = 5.0;
				TARGETED_DEVICE_FAMILY = "1,2";
				TEST_HOST = "$(BUILT_PRODUCTS_DIR)/TableViewController.app/TableViewController";
			};
			name = Debug;
		};
		4DCE7228285D46C3004667B4 /* Release */ = {
			isa = XCBuildConfiguration;
			buildSettings = {
				ALWAYS_EMBED_SWIFT_STANDARD_LIBRARIES = YES;
				BUNDLE_LOADER = "$(TEST_HOST)";
				CODE_SIGN_STYLE = Automatic;
				CURRENT_PROJECT_VERSION = 1;
				DEVELOPMENT_TEAM = L8RMCCPV5X;
				GENERATE_INFOPLIST_FILE = YES;
				IPHONEOS_DEPLOYMENT_TARGET = 15.5;
				MARKETING_VERSION = 1.0;
				PRODUCT_BUNDLE_IDENTIFIER = compsci.TableViewControllerTests;
				PRODUCT_NAME = "$(TARGET_NAME)";
				SWIFT_EMIT_LOC_STRINGS = NO;
				SWIFT_VERSION = 5.0;
				TARGETED_DEVICE_FAMILY = "1,2";
				TEST_HOST = "$(BUILT_PRODUCTS_DIR)/TableViewController.app/TableViewController";
			};
			name = Release;
		};
		4DCE722A285D46C3004667B4 /* Debug */ = {
			isa = XCBuildConfiguration;
			buildSettings = {
				ALWAYS_EMBED_SWIFT_STANDARD_LIBRARIES = YES;
				CODE_SIGN_STYLE = Automatic;
				CURRENT_PROJECT_VERSION = 1;
				DEVELOPMENT_TEAM = L8RMCCPV5X;
				GENERATE_INFOPLIST_FILE = YES;
				MARKETING_VERSION = 1.0;
				PRODUCT_BUNDLE_IDENTIFIER = compsci.TableViewControllerUITests;
				PRODUCT_NAME = "$(TARGET_NAME)";
				SWIFT_EMIT_LOC_STRINGS = NO;
				SWIFT_VERSION = 5.0;
				TARGETED_DEVICE_FAMILY = "1,2";
				TEST_TARGET_NAME = TableViewController;
			};
			name = Debug;
		};
		4DCE722B285D46C3004667B4 /* Release */ = {
			isa = XCBuildConfiguration;
			buildSettings = {
				ALWAYS_EMBED_SWIFT_STANDARD_LIBRARIES = YES;
				CODE_SIGN_STYLE = Automatic;
				CURRENT_PROJECT_VERSION = 1;
				DEVELOPMENT_TEAM = L8RMCCPV5X;
				GENERATE_INFOPLIST_FILE = YES;
				MARKETING_VERSION = 1.0;
				PRODUCT_BUNDLE_IDENTIFIER = compsci.TableViewControllerUITests;
				PRODUCT_NAME = "$(TARGET_NAME)";
				SWIFT_EMIT_LOC_STRINGS = NO;
				SWIFT_VERSION = 5.0;
				TARGETED_DEVICE_FAMILY = "1,2";
				TEST_TARGET_NAME = TableViewController;
			};
			name = Release;
		};
/* End XCBuildConfiguration section */

/* Begin XCConfigurationList section */
		4DCE71F4285D46C1004667B4 /* Build configuration list for PBXProject "TableViewController" */ = {
			isa = XCConfigurationList;
			buildConfigurations = (
				4DCE7221285D46C3004667B4 /* Debug */,
				4DCE7222285D46C3004667B4 /* Release */,
			);
			defaultConfigurationIsVisible = 0;
			defaultConfigurationName = Release;
		};
		4DCE7223285D46C3004667B4 /* Build configuration list for PBXNativeTarget "TableViewController" */ = {
			isa = XCConfigurationList;
			buildConfigurations = (
				4DCE7224285D46C3004667B4 /* Debug */,
				4DCE7225285D46C3004667B4 /* Release */,
			);
			defaultConfigurationIsVisible = 0;
			defaultConfigurationName = Release;
		};
		4DCE7226285D46C3004667B4 /* Build configuration list for PBXNativeTarget "TableViewControllerTests" */ = {
			isa = XCConfigurationList;
			buildConfigurations = (
				4DCE7227285D46C3004667B4 /* Debug */,
				4DCE7228285D46C3004667B4 /* Release */,
			);
			defaultConfigurationIsVisible = 0;
			defaultConfigurationName = Release;
		};
		4DCE7229285D46C3004667B4 /* Build configuration list for PBXNativeTarget "TableViewControllerUITests" */ = {
			isa = XCConfigurationList;
			buildConfigurations = (
				4DCE722A285D46C3004667B4 /* Debug */,
				4DCE722B285D46C3004667B4 /* Release */,
			);
			defaultConfigurationIsVisible = 0;
			defaultConfigurationName = Release;
		};
/* End XCConfigurationList section */
	};
	rootObject = 4DCE71F1285D46C1004667B4 /* Project object */;
}
