// !$*UTF8*$!
{
	archiveVersion = 1;
	classes = {
	};
	objectVersion = 55;
	objects = {

/* Begin PBXBuildFile section */
		4DB980002851B1940023CD82 /* AppDelegate.swift in Sources */ = {isa = PBXBuildFile; fileRef = 4DB97FFF2851B1940023CD82 /* AppDelegate.swift */; };
		4DB980022851B1940023CD82 /* SceneDelegate.swift in Sources */ = {isa = PBXBuildFile; fileRef = 4DB980012851B1940023CD82 /* SceneDelegate.swift */; };
		4DB980042851B1940023CD82 /* ViewController.swift in Sources */ = {isa = PBXBuildFile; fileRef = 4DB980032851B1940023CD82 /* ViewController.swift */; };
		4DB980072851B1940023CD82 /* Main.storyboard in Resources */ = {isa = PBXBuildFile; fileRef = 4DB980052851B1940023CD82 /* Main.storyboard */; };
		4DB980092851B1970023CD82 /* Assets.xcassets in Resources */ = {isa = PBXBuildFile; fileRef = 4DB980082851B1970023CD82 /* Assets.xcassets */; };
		4DB9800C2851B1970023CD82 /* LaunchScreen.storyboard in Resources */ = {isa = PBXBuildFile; fileRef = 4DB9800A2851B1970023CD82 /* LaunchScreen.storyboard */; };
		4DB980172851B1970023CD82 /* ObjectAppTests.swift in Sources */ = {isa = PBXBuildFile; fileRef = 4DB980162851B1970023CD82 /* ObjectAppTests.swift */; };
		4DB980212851B1970023CD82 /* ObjectAppUITests.swift in Sources */ = {isa = PBXBuildFile; fileRef = 4DB980202851B1970023CD82 /* ObjectAppUITests.swift */; };
		4DB980232851B1970023CD82 /* ObjectAppUITestsLaunchTests.swift in Sources */ = {isa = PBXBuildFile; fileRef = 4DB980222851B1970023CD82 /* ObjectAppUITestsLaunchTests.swift */; };
/* End PBXBuildFile section */

/* Begin PBXContainerItemProxy section */
		4DB980132851B1970023CD82 /* PBXContainerItemProxy */ = {
			isa = PBXContainerItemProxy;
			containerPortal = 4DB97FF42851B1940023CD82 /* Project object */;
			proxyType = 1;
			remoteGlobalIDString = 4DB97FFB2851B1940023CD82;
			remoteInfo = ObjectApp;
		};
		4DB9801D2851B1970023CD82 /* PBXContainerItemProxy */ = {
			isa = PBXContainerItemProxy;
			containerPortal = 4DB97FF42851B1940023CD82 /* Project object */;
			proxyType = 1;
			remoteGlobalIDString = 4DB97FFB2851B1940023CD82;
			remoteInfo = ObjectApp;
		};
/* End PBXContainerItemProxy section */

/* Begin PBXFileReference section */
		4DB97FFC2851B1940023CD82 /* ObjectApp.app */ = {isa = PBXFileReference; explicitFileType = wrapper.application; includeInIndex = 0; path = ObjectApp.app; sourceTree = BUILT_PRODUCTS_DIR; };
		4DB97FFF2851B1940023CD82 /* AppDelegate.swift */ = {isa = PBXFileReference; lastKnownFileType = sourcecode.swift; path = AppDelegate.swift; sourceTree = "<group>"; };
		4DB980012851B1940023CD82 /* SceneDelegate.swift */ = {isa = PBXFileReference; lastKnownFileType = sourcecode.swift; path = SceneDelegate.swift; sourceTree = "<group>"; };
		4DB980032851B1940023CD82 /* ViewController.swift */ = {isa = PBXFileReference; lastKnownFileType = sourcecode.swift; path = ViewController.swift; sourceTree = "<group>"; };
		4DB980062851B1940023CD82 /* Base */ = {isa = PBXFileReference; lastKnownFileType = file.storyboard; name = Base; path = Base.lproj/Main.storyboard; sourceTree = "<group>"; };
		4DB980082851B1970023CD82 /* Assets.xcassets */ = {isa = PBXFileReference; lastKnownFileType = folder.assetcatalog; path = Assets.xcassets; sourceTree = "<group>"; };
		4DB9800B2851B1970023CD82 /* Base */ = {isa = PBXFileReference; lastKnownFileType = file.storyboard; name = Base; path = Base.lproj/LaunchScreen.storyboard; sourceTree = "<group>"; };
		4DB9800D2851B1970023CD82 /* Info.plist */ = {isa = PBXFileReference; lastKnownFileType = text.plist.xml; path = Info.plist; sourceTree = "<group>"; };
		4DB980122851B1970023CD82 /* ObjectAppTests.xctest */ = {isa = PBXFileReference; explicitFileType = wrapper.cfbundle; includeInIndex = 0; path = ObjectAppTests.xctest; sourceTree = BUILT_PRODUCTS_DIR; };
		4DB980162851B1970023CD82 /* ObjectAppTests.swift */ = {isa = PBXFileReference; lastKnownFileType = sourcecode.swift; path = ObjectAppTests.swift; sourceTree = "<group>"; };
		4DB9801C2851B1970023CD82 /* ObjectAppUITests.xctest */ = {isa = PBXFileReference; explicitFileType = wrapper.cfbundle; includeInIndex = 0; path = ObjectAppUITests.xctest; sourceTree = BUILT_PRODUCTS_DIR; };
		4DB980202851B1970023CD82 /* ObjectAppUITests.swift */ = {isa = PBXFileReference; lastKnownFileType = sourcecode.swift; path = ObjectAppUITests.swift; sourceTree = "<group>"; };
		4DB980222851B1970023CD82 /* ObjectAppUITestsLaunchTests.swift */ = {isa = PBXFileReference; lastKnownFileType = sourcecode.swift; path = ObjectAppUITestsLaunchTests.swift; sourceTree = "<group>"; };
/* End PBXFileReference section */

/* Begin PBXFrameworksBuildPhase section */
		4DB97FF92851B1940023CD82 /* Frameworks */ = {
			isa = PBXFrameworksBuildPhase;
			buildActionMask = 2147483647;
			files = (
			);
			runOnlyForDeploymentPostprocessing = 0;
		};
		4DB9800F2851B1970023CD82 /* Frameworks */ = {
			isa = PBXFrameworksBuildPhase;
			buildActionMask = 2147483647;
			files = (
			);
			runOnlyForDeploymentPostprocessing = 0;
		};
		4DB980192851B1970023CD82 /* Frameworks */ = {
			isa = PBXFrameworksBuildPhase;
			buildActionMask = 2147483647;
			files = (
			);
			runOnlyForDeploymentPostprocessing = 0;
		};
/* End PBXFrameworksBuildPhase section */

/* Begin PBXGroup section */
		4DB97FF32851B1940023CD82 = {
			isa = PBXGroup;
			children = (
				4DB97FFE2851B1940023CD82 /* ObjectApp */,
				4DB980152851B1970023CD82 /* ObjectAppTests */,
				4DB9801F2851B1970023CD82 /* ObjectAppUITests */,
				4DB97FFD2851B1940023CD82 /* Products */,
			);
			sourceTree = "<group>";
		};
		4DB97FFD2851B1940023CD82 /* Products */ = {
			isa = PBXGroup;
			children = (
				4DB97FFC2851B1940023CD82 /* ObjectApp.app */,
				4DB980122851B1970023CD82 /* ObjectAppTests.xctest */,
				4DB9801C2851B1970023CD82 /* ObjectAppUITests.xctest */,
			);
			name = Products;
			sourceTree = "<group>";
		};
		4DB97FFE2851B1940023CD82 /* ObjectApp */ = {
			isa = PBXGroup;
			children = (
				4DB97FFF2851B1940023CD82 /* AppDelegate.swift */,
				4DB980012851B1940023CD82 /* SceneDelegate.swift */,
				4DB980032851B1940023CD82 /* ViewController.swift */,
				4DB980052851B1940023CD82 /* Main.storyboard */,
				4DB980082851B1970023CD82 /* Assets.xcassets */,
				4DB9800A2851B1970023CD82 /* LaunchScreen.storyboard */,
				4DB9800D2851B1970023CD82 /* Info.plist */,
			);
			path = ObjectApp;
			sourceTree = "<group>";
		};
		4DB980152851B1970023CD82 /* ObjectAppTests */ = {
			isa = PBXGroup;
			children = (
				4DB980162851B1970023CD82 /* ObjectAppTests.swift */,
			);
			path = ObjectAppTests;
			sourceTree = "<group>";
		};
		4DB9801F2851B1970023CD82 /* ObjectAppUITests */ = {
			isa = PBXGroup;
			children = (
				4DB980202851B1970023CD82 /* ObjectAppUITests.swift */,
				4DB980222851B1970023CD82 /* ObjectAppUITestsLaunchTests.swift */,
			);
			path = ObjectAppUITests;
			sourceTree = "<group>";
		};
/* End PBXGroup section */

/* Begin PBXNativeTarget section */
		4DB97FFB2851B1940023CD82 /* ObjectApp */ = {
			isa = PBXNativeTarget;
			buildConfigurationList = 4DB980262851B1970023CD82 /* Build configuration list for PBXNativeTarget "ObjectApp" */;
			buildPhases = (
				4DB97FF82851B1940023CD82 /* Sources */,
				4DB97FF92851B1940023CD82 /* Frameworks */,
				4DB97FFA2851B1940023CD82 /* Resources */,
			);
			buildRules = (
			);
			dependencies = (
			);
			name = ObjectApp;
			productName = ObjectApp;
			productReference = 4DB97FFC2851B1940023CD82 /* ObjectApp.app */;
			productType = "com.apple.product-type.application";
		};
		4DB980112851B1970023CD82 /* ObjectAppTests */ = {
			isa = PBXNativeTarget;
			buildConfigurationList = 4DB980292851B1970023CD82 /* Build configuration list for PBXNativeTarget "ObjectAppTests" */;
			buildPhases = (
				4DB9800E2851B1970023CD82 /* Sources */,
				4DB9800F2851B1970023CD82 /* Frameworks */,
				4DB980102851B1970023CD82 /* Resources */,
			);
			buildRules = (
			);
			dependencies = (
				4DB980142851B1970023CD82 /* PBXTargetDependency */,
			);
			name = ObjectAppTests;
			productName = ObjectAppTests;
			productReference = 4DB980122851B1970023CD82 /* ObjectAppTests.xctest */;
			productType = "com.apple.product-type.bundle.unit-test";
		};
		4DB9801B2851B1970023CD82 /* ObjectAppUITests */ = {
			isa = PBXNativeTarget;
			buildConfigurationList = 4DB9802C2851B1970023CD82 /* Build configuration list for PBXNativeTarget "ObjectAppUITests" */;
			buildPhases = (
				4DB980182851B1970023CD82 /* Sources */,
				4DB980192851B1970023CD82 /* Frameworks */,
				4DB9801A2851B1970023CD82 /* Resources */,
			);
			buildRules = (
			);
			dependencies = (
				4DB9801E2851B1970023CD82 /* PBXTargetDependency */,
			);
			name = ObjectAppUITests;
			productName = ObjectAppUITests;
			productReference = 4DB9801C2851B1970023CD82 /* ObjectAppUITests.xctest */;
			productType = "com.apple.product-type.bundle.ui-testing";
		};
/* End PBXNativeTarget section */

/* Begin PBXProject section */
		4DB97FF42851B1940023CD82 /* Project object */ = {
			isa = PBXProject;
			attributes = {
				BuildIndependentTargetsInParallel = 1;
				LastSwiftUpdateCheck = 1340;
				LastUpgradeCheck = 1340;
				TargetAttributes = {
					4DB97FFB2851B1940023CD82 = {
						CreatedOnToolsVersion = 13.4.1;
					};
					4DB980112851B1970023CD82 = {
						CreatedOnToolsVersion = 13.4.1;
						TestTargetID = 4DB97FFB2851B1940023CD82;
					};
					4DB9801B2851B1970023CD82 = {
						CreatedOnToolsVersion = 13.4.1;
						TestTargetID = 4DB97FFB2851B1940023CD82;
					};
				};
			};
			buildConfigurationList = 4DB97FF72851B1940023CD82 /* Build configuration list for PBXProject "ObjectApp" */;
			compatibilityVersion = "Xcode 13.0";
			developmentRegion = en;
			hasScannedForEncodings = 0;
			knownRegions = (
				en,
				Base,
			);
			mainGroup = 4DB97FF32851B1940023CD82;
			productRefGroup = 4DB97FFD2851B1940023CD82 /* Products */;
			projectDirPath = "";
			projectRoot = "";
			targets = (
				4DB97FFB2851B1940023CD82 /* ObjectApp */,
				4DB980112851B1970023CD82 /* ObjectAppTests */,
				4DB9801B2851B1970023CD82 /* ObjectAppUITests */,
			);
		};
/* End PBXProject section */

/* Begin PBXResourcesBuildPhase section */
		4DB97FFA2851B1940023CD82 /* Resources */ = {
			isa = PBXResourcesBuildPhase;
			buildActionMask = 2147483647;
			files = (
				4DB9800C2851B1970023CD82 /* LaunchScreen.storyboard in Resources */,
				4DB980092851B1970023CD82 /* Assets.xcassets in Resources */,
				4DB980072851B1940023CD82 /* Main.storyboard in Resources */,
			);
			runOnlyForDeploymentPostprocessing = 0;
		};
		4DB980102851B1970023CD82 /* Resources */ = {
			isa = PBXResourcesBuildPhase;
			buildActionMask = 2147483647;
			files = (
			);
			runOnlyForDeploymentPostprocessing = 0;
		};
		4DB9801A2851B1970023CD82 /* Resources */ = {
			isa = PBXResourcesBuildPhase;
			buildActionMask = 2147483647;
			files = (
			);
			runOnlyForDeploymentPostprocessing = 0;
		};
/* End PBXResourcesBuildPhase section */

/* Begin PBXSourcesBuildPhase section */
		4DB97FF82851B1940023CD82 /* Sources */ = {
			isa = PBXSourcesBuildPhase;
			buildActionMask = 2147483647;
			files = (
				4DB980042851B1940023CD82 /* ViewController.swift in Sources */,
				4DB980002851B1940023CD82 /* AppDelegate.swift in Sources */,
				4DB980022851B1940023CD82 /* SceneDelegate.swift in Sources */,
			);
			runOnlyForDeploymentPostprocessing = 0;
		};
		4DB9800E2851B1970023CD82 /* Sources */ = {
			isa = PBXSourcesBuildPhase;
			buildActionMask = 2147483647;
			files = (
				4DB980172851B1970023CD82 /* ObjectAppTests.swift in Sources */,
			);
			runOnlyForDeploymentPostprocessing = 0;
		};
		4DB980182851B1970023CD82 /* Sources */ = {
			isa = PBXSourcesBuildPhase;
			buildActionMask = 2147483647;
			files = (
				4DB980212851B1970023CD82 /* ObjectAppUITests.swift in Sources */,
				4DB980232851B1970023CD82 /* ObjectAppUITestsLaunchTests.swift in Sources */,
			);
			runOnlyForDeploymentPostprocessing = 0;
		};
/* End PBXSourcesBuildPhase section */

/* Begin PBXTargetDependency section */
		4DB980142851B1970023CD82 /* PBXTargetDependency */ = {
			isa = PBXTargetDependency;
			target = 4DB97FFB2851B1940023CD82 /* ObjectApp */;
			targetProxy = 4DB980132851B1970023CD82 /* PBXContainerItemProxy */;
		};
		4DB9801E2851B1970023CD82 /* PBXTargetDependency */ = {
			isa = PBXTargetDependency;
			target = 4DB97FFB2851B1940023CD82 /* ObjectApp */;
			targetProxy = 4DB9801D2851B1970023CD82 /* PBXContainerItemProxy */;
		};
/* End PBXTargetDependency section */

/* Begin PBXVariantGroup section */
		4DB980052851B1940023CD82 /* Main.storyboard */ = {
			isa = PBXVariantGroup;
			children = (
				4DB980062851B1940023CD82 /* Base */,
			);
			name = Main.storyboard;
			sourceTree = "<group>";
		};
		4DB9800A2851B1970023CD82 /* LaunchScreen.storyboard */ = {
			isa = PBXVariantGroup;
			children = (
				4DB9800B2851B1970023CD82 /* Base */,
			);
			name = LaunchScreen.storyboard;
			sourceTree = "<group>";
		};
/* End PBXVariantGroup section */

/* Begin XCBuildConfiguration section */
		4DB980242851B1970023CD82 /* Debug */ = {
			isa = XCBuildConfiguration;
			buildSettings = {
				ALWAYS_SEARCH_USER_PATHS = NO;
				CLANG_ANALYZER_NONNULL = YES;
				CLANG_ANALYZER_NUMBER_OBJECT_CONVERSION = YES_AGGRESSIVE;
				CLANG_CXX_LANGUAGE_STANDARD = "gnu++17";
				CLANG_ENABLE_MODULES = YES;
				CLANG_ENABLE_OBJC_ARC = YES;
				CLANG_ENABLE_OBJC_WEAK = YES;
				CLANG_WARN_BLOCK_CAPTURE_AUTORELEASING = YES;
				CLANG_WARN_BOOL_CONVERSION = YES;
				CLANG_WARN_COMMA = YES;
				CLANG_WARN_CONSTANT_CONVERSION = YES;
				CLANG_WARN_DEPRECATED_OBJC_IMPLEMENTATIONS = YES;
				CLANG_WARN_DIRECT_OBJC_ISA_USAGE = YES_ERROR;
				CLANG_WARN_DOCUMENTATION_COMMENTS = YES;
				CLANG_WARN_EMPTY_BODY = YES;
				CLANG_WARN_ENUM_CONVERSION = YES;
				CLANG_WARN_INFINITE_RECURSION = YES;
				CLANG_WARN_INT_CONVERSION = YES;
				CLANG_WARN_NON_LITERAL_NULL_CONVERSION = YES;
				CLANG_WARN_OBJC_IMPLICIT_RETAIN_SELF = YES;
				CLANG_WARN_OBJC_LITERAL_CONVERSION = YES;
				CLANG_WARN_OBJC_ROOT_CLASS = YES_ERROR;
				CLANG_WARN_QUOTED_INCLUDE_IN_FRAMEWORK_HEADER = YES;
				CLANG_WARN_RANGE_LOOP_ANALYSIS = YES;
				CLANG_WARN_STRICT_PROTOTYPES = YES;
				CLANG_WARN_SUSPICIOUS_MOVE = YES;
				CLANG_WARN_UNGUARDED_AVAILABILITY = YES_AGGRESSIVE;
				CLANG_WARN_UNREACHABLE_CODE = YES;
				CLANG_WARN__DUPLICATE_METHOD_MATCH = YES;
				COPY_PHASE_STRIP = NO;
				DEBUG_INFORMATION_FORMAT = dwarf;
				ENABLE_STRICT_OBJC_MSGSEND = YES;
				ENABLE_TESTABILITY = YES;
				GCC_C_LANGUAGE_STANDARD = gnu11;
				GCC_DYNAMIC_NO_PIC = NO;
				GCC_NO_COMMON_BLOCKS = YES;
				GCC_OPTIMIZATION_LEVEL = 0;
				GCC_PREPROCESSOR_DEFINITIONS = (
					"DEBUG=1",
					"$(inherited)",
				);
				GCC_WARN_64_TO_32_BIT_CONVERSION = YES;
				GCC_WARN_ABOUT_RETURN_TYPE = YES_ERROR;
				GCC_WARN_UNDECLARED_SELECTOR = YES;
				GCC_WARN_UNINITIALIZED_AUTOS = YES_AGGRESSIVE;
				GCC_WARN_UNUSED_FUNCTION = YES;
				GCC_WARN_UNUSED_VARIABLE = YES;
				IPHONEOS_DEPLOYMENT_TARGET = 15.5;
				MTL_ENABLE_DEBUG_INFO = INCLUDE_SOURCE;
				MTL_FAST_MATH = YES;
				ONLY_ACTIVE_ARCH = YES;
				SDKROOT = iphoneos;
				SWIFT_ACTIVE_COMPILATION_CONDITIONS = DEBUG;
				SWIFT_OPTIMIZATION_LEVEL = "-Onone";
			};
			name = Debug;
		};
		4DB980252851B1970023CD82 /* Release */ = {
			isa = XCBuildConfiguration;
			buildSettings = {
				ALWAYS_SEARCH_USER_PATHS = NO;
				CLANG_ANALYZER_NONNULL = YES;
				CLANG_ANALYZER_NUMBER_OBJECT_CONVERSION = YES_AGGRESSIVE;
				CLANG_CXX_LANGUAGE_STANDARD = "gnu++17";
				CLANG_ENABLE_MODULES = YES;
				CLANG_ENABLE_OBJC_ARC = YES;
				CLANG_ENABLE_OBJC_WEAK = YES;
				CLANG_WARN_BLOCK_CAPTURE_AUTORELEASING = YES;
				CLANG_WARN_BOOL_CONVERSION = YES;
				CLANG_WARN_COMMA = YES;
				CLANG_WARN_CONSTANT_CONVERSION = YES;
				CLANG_WARN_DEPRECATED_OBJC_IMPLEMENTATIONS = YES;
				CLANG_WARN_DIRECT_OBJC_ISA_USAGE = YES_ERROR;
				CLANG_WARN_DOCUMENTATION_COMMENTS = YES;
				CLANG_WARN_EMPTY_BODY = YES;
				CLANG_WARN_ENUM_CONVERSION = YES;
				CLANG_WARN_INFINITE_RECURSION = YES;
				CLANG_WARN_INT_CONVERSION = YES;
				CLANG_WARN_NON_LITERAL_NULL_CONVERSION = YES;
				CLANG_WARN_OBJC_IMPLICIT_RETAIN_SELF = YES;
				CLANG_WARN_OBJC_LITERAL_CONVERSION = YES;
				CLANG_WARN_OBJC_ROOT_CLASS = YES_ERROR;
				CLANG_WARN_QUOTED_INCLUDE_IN_FRAMEWORK_HEADER = YES;
				CLANG_WARN_RANGE_LOOP_ANALYSIS = YES;
				CLANG_WARN_STRICT_PROTOTYPES = YES;
				CLANG_WARN_SUSPICIOUS_MOVE = YES;
				CLANG_WARN_UNGUARDED_AVAILABILITY = YES_AGGRESSIVE;
				CLANG_WARN_UNREACHABLE_CODE = YES;
				CLANG_WARN__DUPLICATE_METHOD_MATCH = YES;
				COPY_PHASE_STRIP = NO;
				DEBUG_INFORMATION_FORMAT = "dwarf-with-dsym";
				ENABLE_NS_ASSERTIONS = NO;
				ENABLE_STRICT_OBJC_MSGSEND = YES;
				GCC_C_LANGUAGE_STANDARD = gnu11;
				GCC_NO_COMMON_BLOCKS = YES;
				GCC_WARN_64_TO_32_BIT_CONVERSION = YES;
				GCC_WARN_ABOUT_RETURN_TYPE = YES_ERROR;
				GCC_WARN_UNDECLARED_SELECTOR = YES;
				GCC_WARN_UNINITIALIZED_AUTOS = YES_AGGRESSIVE;
				GCC_WARN_UNUSED_FUNCTION = YES;
				GCC_WARN_UNUSED_VARIABLE = YES;
				IPHONEOS_DEPLOYMENT_TARGET = 15.5;
				MTL_ENABLE_DEBUG_INFO = NO;
				MTL_FAST_MATH = YES;
				SDKROOT = iphoneos;
				SWIFT_COMPILATION_MODE = wholemodule;
				SWIFT_OPTIMIZATION_LEVEL = "-O";
				VALIDATE_PRODUCT = YES;
			};
			name = Release;
		};
		4DB980272851B1970023CD82 /* Debug */ = {
			isa = XCBuildConfiguration;
			buildSettings = {
				ASSETCATALOG_COMPILER_APPICON_NAME = AppIcon;
				ASSETCATALOG_COMPILER_GLOBAL_ACCENT_COLOR_NAME = AccentColor;
				CODE_SIGN_STYLE = Automatic;
				CURRENT_PROJECT_VERSION = 1;
				DEVELOPMENT_TEAM = L8RMCCPV5X;
				GENERATE_INFOPLIST_FILE = YES;
				INFOPLIST_FILE = ObjectApp/Info.plist;
				INFOPLIST_KEY_UIApplicationSupportsIndirectInputEvents = YES;
				INFOPLIST_KEY_UILaunchStoryboardName = LaunchScreen;
				INFOPLIST_KEY_UIMainStoryboardFile = Main;
				INFOPLIST_KEY_UISupportedInterfaceOrientations_iPad = "UIInterfaceOrientationPortrait UIInterfaceOrientationPortraitUpsideDown UIInterfaceOrientationLandscapeLeft UIInterfaceOrientationLandscapeRight";
				INFOPLIST_KEY_UISupportedInterfaceOrientations_iPhone = "UIInterfaceOrientationPortrait UIInterfaceOrientationLandscapeLeft UIInterfaceOrientationLandscapeRight";
				LD_RUNPATH_SEARCH_PATHS = (
					"$(inherited)",
					"@executable_path/Frameworks",
				);
				MARKETING_VERSION = 1.0;
				PRODUCT_BUNDLE_IDENTIFIER = compsci.ObjectApp;
				PRODUCT_NAME = "$(TARGET_NAME)";
				SWIFT_EMIT_LOC_STRINGS = YES;
				SWIFT_VERSION = 5.0;
				TARGETED_DEVICE_FAMILY = "1,2";
			};
			name = Debug;
		};
		4DB980282851B1970023CD82 /* Release */ = {
			isa = XCBuildConfiguration;
			buildSettings = {
				ASSETCATALOG_COMPILER_APPICON_NAME = AppIcon;
				ASSETCATALOG_COMPILER_GLOBAL_ACCENT_COLOR_NAME = AccentColor;
				CODE_SIGN_STYLE = Automatic;
				CURRENT_PROJECT_VERSION = 1;
				DEVELOPMENT_TEAM = L8RMCCPV5X;
				GENERATE_INFOPLIST_FILE = YES;
				INFOPLIST_FILE = ObjectApp/Info.plist;
				INFOPLIST_KEY_UIApplicationSupportsIndirectInputEvents = YES;
				INFOPLIST_KEY_UILaunchStoryboardName = LaunchScreen;
				INFOPLIST_KEY_UIMainStoryboardFile = Main;
				INFOPLIST_KEY_UISupportedInterfaceOrientations_iPad = "UIInterfaceOrientationPortrait UIInterfaceOrientationPortraitUpsideDown UIInterfaceOrientationLandscapeLeft UIInterfaceOrientationLandscapeRight";
				INFOPLIST_KEY_UISupportedInterfaceOrientations_iPhone = "UIInterfaceOrientationPortrait UIInterfaceOrientationLandscapeLeft UIInterfaceOrientationLandscapeRight";
				LD_RUNPATH_SEARCH_PATHS = (
					"$(inherited)",
					"@executable_path/Frameworks",
				);
				MARKETING_VERSION = 1.0;
				PRODUCT_BUNDLE_IDENTIFIER = compsci.ObjectApp;
				PRODUCT_NAME = "$(TARGET_NAME)";
				SWIFT_EMIT_LOC_STRINGS = YES;
				SWIFT_VERSION = 5.0;
				TARGETED_DEVICE_FAMILY = "1,2";
			};
			name = Release;
		};
		4DB9802A2851B1970023CD82 /* Debug */ = {
			isa = XCBuildConfiguration;
			buildSettings = {
				ALWAYS_EMBED_SWIFT_STANDARD_LIBRARIES = YES;
				BUNDLE_LOADER = "$(TEST_HOST)";
				CODE_SIGN_STYLE = Automatic;
				CURRENT_PROJECT_VERSION = 1;
				DEVELOPMENT_TEAM = L8RMCCPV5X;
				GENERATE_INFOPLIST_FILE = YES;
				IPHONEOS_DEPLOYMENT_TARGET = 15.5;
				MARKETING_VERSION = 1.0;
				PRODUCT_BUNDLE_IDENTIFIER = compsci.ObjectAppTests;
				PRODUCT_NAME = "$(TARGET_NAME)";
				SWIFT_EMIT_LOC_STRINGS = NO;
				SWIFT_VERSION = 5.0;
				TARGETED_DEVICE_FAMILY = "1,2";
				TEST_HOST = "$(BUILT_PRODUCTS_DIR)/ObjectApp.app/ObjectApp";
			};
			name = Debug;
		};
		4DB9802B2851B1970023CD82 /* Release */ = {
			isa = XCBuildConfiguration;
			buildSettings = {
				ALWAYS_EMBED_SWIFT_STANDARD_LIBRARIES = YES;
				BUNDLE_LOADER = "$(TEST_HOST)";
				CODE_SIGN_STYLE = Automatic;
				CURRENT_PROJECT_VERSION = 1;
				DEVELOPMENT_TEAM = L8RMCCPV5X;
				GENERATE_INFOPLIST_FILE = YES;
				IPHONEOS_DEPLOYMENT_TARGET = 15.5;
				MARKETING_VERSION = 1.0;
				PRODUCT_BUNDLE_IDENTIFIER = compsci.ObjectAppTests;
				PRODUCT_NAME = "$(TARGET_NAME)";
				SWIFT_EMIT_LOC_STRINGS = NO;
				SWIFT_VERSION = 5.0;
				TARGETED_DEVICE_FAMILY = "1,2";
				TEST_HOST = "$(BUILT_PRODUCTS_DIR)/ObjectApp.app/ObjectApp";
			};
			name = Release;
		};
		4DB9802D2851B1970023CD82 /* Debug */ = {
			isa = XCBuildConfiguration;
			buildSettings = {
				ALWAYS_EMBED_SWIFT_STANDARD_LIBRARIES = YES;
				CODE_SIGN_STYLE = Automatic;
				CURRENT_PROJECT_VERSION = 1;
				DEVELOPMENT_TEAM = L8RMCCPV5X;
				GENERATE_INFOPLIST_FILE = YES;
				MARKETING_VERSION = 1.0;
				PRODUCT_BUNDLE_IDENTIFIER = compsci.ObjectAppUITests;
				PRODUCT_NAME = "$(TARGET_NAME)";
				SWIFT_EMIT_LOC_STRINGS = NO;
				SWIFT_VERSION = 5.0;
				TARGETED_DEVICE_FAMILY = "1,2";
				TEST_TARGET_NAME = ObjectApp;
			};
			name = Debug;
		};
		4DB9802E2851B1970023CD82 /* Release */ = {
			isa = XCBuildConfiguration;
			buildSettings = {
				ALWAYS_EMBED_SWIFT_STANDARD_LIBRARIES = YES;
				CODE_SIGN_STYLE = Automatic;
				CURRENT_PROJECT_VERSION = 1;
				DEVELOPMENT_TEAM = L8RMCCPV5X;
				GENERATE_INFOPLIST_FILE = YES;
				MARKETING_VERSION = 1.0;
				PRODUCT_BUNDLE_IDENTIFIER = compsci.ObjectAppUITests;
				PRODUCT_NAME = "$(TARGET_NAME)";
				SWIFT_EMIT_LOC_STRINGS = NO;
				SWIFT_VERSION = 5.0;
				TARGETED_DEVICE_FAMILY = "1,2";
				TEST_TARGET_NAME = ObjectApp;
			};
			name = Release;
		};
/* End XCBuildConfiguration section */

/* Begin XCConfigurationList section */
		4DB97FF72851B1940023CD82 /* Build configuration list for PBXProject "ObjectApp" */ = {
			isa = XCConfigurationList;
			buildConfigurations = (
				4DB980242851B1970023CD82 /* Debug */,
				4DB980252851B1970023CD82 /* Release */,
			);
			defaultConfigurationIsVisible = 0;
			defaultConfigurationName = Release;
		};
		4DB980262851B1970023CD82 /* Build configuration list for PBXNativeTarget "ObjectApp" */ = {
			isa = XCConfigurationList;
			buildConfigurations = (
				4DB980272851B1970023CD82 /* Debug */,
				4DB980282851B1970023CD82 /* Release */,
			);
			defaultConfigurationIsVisible = 0;
			defaultConfigurationName = Release;
		};
		4DB980292851B1970023CD82 /* Build configuration list for PBXNativeTarget "ObjectAppTests" */ = {
			isa = XCConfigurationList;
			buildConfigurations = (
				4DB9802A2851B1970023CD82 /* Debug */,
				4DB9802B2851B1970023CD82 /* Release */,
			);
			defaultConfigurationIsVisible = 0;
			defaultConfigurationName = Release;
		};
		4DB9802C2851B1970023CD82 /* Build configuration list for PBXNativeTarget "ObjectAppUITests" */ = {
			isa = XCConfigurationList;
			buildConfigurations = (
				4DB9802D2851B1970023CD82 /* Debug */,
				4DB9802E2851B1970023CD82 /* Release */,
			);
			defaultConfigurationIsVisible = 0;
			defaultConfigurationName = Release;
		};
/* End XCConfigurationList section */
	};
	rootObject = 4DB97FF42851B1940023CD82 /* Project object */;
}
