// !$*UTF8*$!
{
	archiveVersion = 1;
	classes = {
	};
	objectVersion = 55;
	objects = {

/* Begin PBXBuildFile section */
		4D4E16BB2861926C0025DC81 /* AppDelegate.swift in Sources */ = {isa = PBXBuildFile; fileRef = 4D4E16BA2861926C0025DC81 /* AppDelegate.swift */; };
		4D4E16BD2861926C0025DC81 /* SceneDelegate.swift in Sources */ = {isa = PBXBuildFile; fileRef = 4D4E16BC2861926C0025DC81 /* SceneDelegate.swift */; };
		4D4E16BF2861926C0025DC81 /* ViewController.swift in Sources */ = {isa = PBXBuildFile; fileRef = 4D4E16BE2861926C0025DC81 /* ViewController.swift */; };
		4D4E16C22861926C0025DC81 /* Main.storyboard in Resources */ = {isa = PBXBuildFile; fileRef = 4D4E16C02861926C0025DC81 /* Main.storyboard */; };
		4D4E16C4286192710025DC81 /* Assets.xcassets in Resources */ = {isa = PBXBuildFile; fileRef = 4D4E16C3286192710025DC81 /* Assets.xcassets */; };
		4D4E16C7286192710025DC81 /* LaunchScreen.storyboard in Resources */ = {isa = PBXBuildFile; fileRef = 4D4E16C5286192710025DC81 /* LaunchScreen.storyboard */; };
		4D4E16D2286192710025DC81 /* TabBarAppTests.swift in Sources */ = {isa = PBXBuildFile; fileRef = 4D4E16D1286192710025DC81 /* TabBarAppTests.swift */; };
		4D4E16DC286192710025DC81 /* TabBarAppUITests.swift in Sources */ = {isa = PBXBuildFile; fileRef = 4D4E16DB286192710025DC81 /* TabBarAppUITests.swift */; };
		4D4E16DE286192710025DC81 /* TabBarAppUITestsLaunchTests.swift in Sources */ = {isa = PBXBuildFile; fileRef = 4D4E16DD286192710025DC81 /* TabBarAppUITestsLaunchTests.swift */; };
/* End PBXBuildFile section */

/* Begin PBXContainerItemProxy section */
		4D4E16CE286192710025DC81 /* PBXContainerItemProxy */ = {
			isa = PBXContainerItemProxy;
			containerPortal = 4D4E16AF2861926C0025DC81 /* Project object */;
			proxyType = 1;
			remoteGlobalIDString = 4D4E16B62861926C0025DC81;
			remoteInfo = TabBarApp;
		};
		4D4E16D8286192710025DC81 /* PBXContainerItemProxy */ = {
			isa = PBXContainerItemProxy;
			containerPortal = 4D4E16AF2861926C0025DC81 /* Project object */;
			proxyType = 1;
			remoteGlobalIDString = 4D4E16B62861926C0025DC81;
			remoteInfo = TabBarApp;
		};
/* End PBXContainerItemProxy section */

/* Begin PBXFileReference section */
		4D4E16B72861926C0025DC81 /* TabBarApp.app */ = {isa = PBXFileReference; explicitFileType = wrapper.application; includeInIndex = 0; path = TabBarApp.app; sourceTree = BUILT_PRODUCTS_DIR; };
		4D4E16BA2861926C0025DC81 /* AppDelegate.swift */ = {isa = PBXFileReference; lastKnownFileType = sourcecode.swift; path = AppDelegate.swift; sourceTree = "<group>"; };
		4D4E16BC2861926C0025DC81 /* SceneDelegate.swift */ = {isa = PBXFileReference; lastKnownFileType = sourcecode.swift; path = SceneDelegate.swift; sourceTree = "<group>"; };
		4D4E16BE2861926C0025DC81 /* ViewController.swift */ = {isa = PBXFileReference; lastKnownFileType = sourcecode.swift; path = ViewController.swift; sourceTree = "<group>"; };
		4D4E16C12861926C0025DC81 /* Base */ = {isa = PBXFileReference; lastKnownFileType = file.storyboard; name = Base; path = Base.lproj/Main.storyboard; sourceTree = "<group>"; };
		4D4E16C3286192710025DC81 /* Assets.xcassets */ = {isa = PBXFileReference; lastKnownFileType = folder.assetcatalog; path = Assets.xcassets; sourceTree = "<group>"; };
		4D4E16C6286192710025DC81 /* Base */ = {isa = PBXFileReference; lastKnownFileType = file.storyboard; name = Base; path = Base.lproj/LaunchScreen.storyboard; sourceTree = "<group>"; };
		4D4E16C8286192710025DC81 /* Info.plist */ = {isa = PBXFileReference; lastKnownFileType = text.plist.xml; path = Info.plist; sourceTree = "<group>"; };
		4D4E16CD286192710025DC81 /* TabBarAppTests.xctest */ = {isa = PBXFileReference; explicitFileType = wrapper.cfbundle; includeInIndex = 0; path = TabBarAppTests.xctest; sourceTree = BUILT_PRODUCTS_DIR; };
		4D4E16D1286192710025DC81 /* TabBarAppTests.swift */ = {isa = PBXFileReference; lastKnownFileType = sourcecode.swift; path = TabBarAppTests.swift; sourceTree = "<group>"; };
		4D4E16D7286192710025DC81 /* TabBarAppUITests.xctest */ = {isa = PBXFileReference; explicitFileType = wrapper.cfbundle; includeInIndex = 0; path = TabBarAppUITests.xctest; sourceTree = BUILT_PRODUCTS_DIR; };
		4D4E16DB286192710025DC81 /* TabBarAppUITests.swift */ = {isa = PBXFileReference; lastKnownFileType = sourcecode.swift; path = TabBarAppUITests.swift; sourceTree = "<group>"; };
		4D4E16DD286192710025DC81 /* TabBarAppUITestsLaunchTests.swift */ = {isa = PBXFileReference; lastKnownFileType = sourcecode.swift; path = TabBarAppUITestsLaunchTests.swift; sourceTree = "<group>"; };
/* End PBXFileReference section */

/* Begin PBXFrameworksBuildPhase section */
		4D4E16B42861926C0025DC81 /* Frameworks */ = {
			isa = PBXFrameworksBuildPhase;
			buildActionMask = 2147483647;
			files = (
			);
			runOnlyForDeploymentPostprocessing = 0;
		};
		4D4E16CA286192710025DC81 /* Frameworks */ = {
			isa = PBXFrameworksBuildPhase;
			buildActionMask = 2147483647;
			files = (
			);
			runOnlyForDeploymentPostprocessing = 0;
		};
		4D4E16D4286192710025DC81 /* Frameworks */ = {
			isa = PBXFrameworksBuildPhase;
			buildActionMask = 2147483647;
			files = (
			);
			runOnlyForDeploymentPostprocessing = 0;
		};
/* End PBXFrameworksBuildPhase section */

/* Begin PBXGroup section */
		4D4E16AE2861926C0025DC81 = {
			isa = PBXGroup;
			children = (
				4D4E16B92861926C0025DC81 /* TabBarApp */,
				4D4E16D0286192710025DC81 /* TabBarAppTests */,
				4D4E16DA286192710025DC81 /* TabBarAppUITests */,
				4D4E16B82861926C0025DC81 /* Products */,
			);
			sourceTree = "<group>";
		};
		4D4E16B82861926C0025DC81 /* Products */ = {
			isa = PBXGroup;
			children = (
				4D4E16B72861926C0025DC81 /* TabBarApp.app */,
				4D4E16CD286192710025DC81 /* TabBarAppTests.xctest */,
				4D4E16D7286192710025DC81 /* TabBarAppUITests.xctest */,
			);
			name = Products;
			sourceTree = "<group>";
		};
		4D4E16B92861926C0025DC81 /* TabBarApp */ = {
			isa = PBXGroup;
			children = (
				4D4E16BA2861926C0025DC81 /* AppDelegate.swift */,
				4D4E16BC2861926C0025DC81 /* SceneDelegate.swift */,
				4D4E16BE2861926C0025DC81 /* ViewController.swift */,
				4D4E16C02861926C0025DC81 /* Main.storyboard */,
				4D4E16C3286192710025DC81 /* Assets.xcassets */,
				4D4E16C5286192710025DC81 /* LaunchScreen.storyboard */,
				4D4E16C8286192710025DC81 /* Info.plist */,
			);
			path = TabBarApp;
			sourceTree = "<group>";
		};
		4D4E16D0286192710025DC81 /* TabBarAppTests */ = {
			isa = PBXGroup;
			children = (
				4D4E16D1286192710025DC81 /* TabBarAppTests.swift */,
			);
			path = TabBarAppTests;
			sourceTree = "<group>";
		};
		4D4E16DA286192710025DC81 /* TabBarAppUITests */ = {
			isa = PBXGroup;
			children = (
				4D4E16DB286192710025DC81 /* TabBarAppUITests.swift */,
				4D4E16DD286192710025DC81 /* TabBarAppUITestsLaunchTests.swift */,
			);
			path = TabBarAppUITests;
			sourceTree = "<group>";
		};
/* End PBXGroup section */

/* Begin PBXNativeTarget section */
		4D4E16B62861926C0025DC81 /* TabBarApp */ = {
			isa = PBXNativeTarget;
			buildConfigurationList = 4D4E16E1286192710025DC81 /* Build configuration list for PBXNativeTarget "TabBarApp" */;
			buildPhases = (
				4D4E16B32861926C0025DC81 /* Sources */,
				4D4E16B42861926C0025DC81 /* Frameworks */,
				4D4E16B52861926C0025DC81 /* Resources */,
			);
			buildRules = (
			);
			dependencies = (
			);
			name = TabBarApp;
			productName = TabBarApp;
			productReference = 4D4E16B72861926C0025DC81 /* TabBarApp.app */;
			productType = "com.apple.product-type.application";
		};
		4D4E16CC286192710025DC81 /* TabBarAppTests */ = {
			isa = PBXNativeTarget;
			buildConfigurationList = 4D4E16E4286192710025DC81 /* Build configuration list for PBXNativeTarget "TabBarAppTests" */;
			buildPhases = (
				4D4E16C9286192710025DC81 /* Sources */,
				4D4E16CA286192710025DC81 /* Frameworks */,
				4D4E16CB286192710025DC81 /* Resources */,
			);
			buildRules = (
			);
			dependencies = (
				4D4E16CF286192710025DC81 /* PBXTargetDependency */,
			);
			name = TabBarAppTests;
			productName = TabBarAppTests;
			productReference = 4D4E16CD286192710025DC81 /* TabBarAppTests.xctest */;
			productType = "com.apple.product-type.bundle.unit-test";
		};
		4D4E16D6286192710025DC81 /* TabBarAppUITests */ = {
			isa = PBXNativeTarget;
			buildConfigurationList = 4D4E16E7286192710025DC81 /* Build configuration list for PBXNativeTarget "TabBarAppUITests" */;
			buildPhases = (
				4D4E16D3286192710025DC81 /* Sources */,
				4D4E16D4286192710025DC81 /* Frameworks */,
				4D4E16D5286192710025DC81 /* Resources */,
			);
			buildRules = (
			);
			dependencies = (
				4D4E16D9286192710025DC81 /* PBXTargetDependency */,
			);
			name = TabBarAppUITests;
			productName = TabBarAppUITests;
			productReference = 4D4E16D7286192710025DC81 /* TabBarAppUITests.xctest */;
			productType = "com.apple.product-type.bundle.ui-testing";
		};
/* End PBXNativeTarget section */

/* Begin PBXProject section */
		4D4E16AF2861926C0025DC81 /* Project object */ = {
			isa = PBXProject;
			attributes = {
				BuildIndependentTargetsInParallel = 1;
				LastSwiftUpdateCheck = 1340;
				LastUpgradeCheck = 1340;
				TargetAttributes = {
					4D4E16B62861926C0025DC81 = {
						CreatedOnToolsVersion = 13.4.1;
					};
					4D4E16CC286192710025DC81 = {
						CreatedOnToolsVersion = 13.4.1;
						TestTargetID = 4D4E16B62861926C0025DC81;
					};
					4D4E16D6286192710025DC81 = {
						CreatedOnToolsVersion = 13.4.1;
						TestTargetID = 4D4E16B62861926C0025DC81;
					};
				};
			};
			buildConfigurationList = 4D4E16B22861926C0025DC81 /* Build configuration list for PBXProject "TabBarApp" */;
			compatibilityVersion = "Xcode 13.0";
			developmentRegion = en;
			hasScannedForEncodings = 0;
			knownRegions = (
				en,
				Base,
			);
			mainGroup = 4D4E16AE2861926C0025DC81;
			productRefGroup = 4D4E16B82861926C0025DC81 /* Products */;
			projectDirPath = "";
			projectRoot = "";
			targets = (
				4D4E16B62861926C0025DC81 /* TabBarApp */,
				4D4E16CC286192710025DC81 /* TabBarAppTests */,
				4D4E16D6286192710025DC81 /* TabBarAppUITests */,
			);
		};
/* End PBXProject section */

/* Begin PBXResourcesBuildPhase section */
		4D4E16B52861926C0025DC81 /* Resources */ = {
			isa = PBXResourcesBuildPhase;
			buildActionMask = 2147483647;
			files = (
				4D4E16C7286192710025DC81 /* LaunchScreen.storyboard in Resources */,
				4D4E16C4286192710025DC81 /* Assets.xcassets in Resources */,
				4D4E16C22861926C0025DC81 /* Main.storyboard in Resources */,
			);
			runOnlyForDeploymentPostprocessing = 0;
		};
		4D4E16CB286192710025DC81 /* Resources */ = {
			isa = PBXResourcesBuildPhase;
			buildActionMask = 2147483647;
			files = (
			);
			runOnlyForDeploymentPostprocessing = 0;
		};
		4D4E16D5286192710025DC81 /* Resources */ = {
			isa = PBXResourcesBuildPhase;
			buildActionMask = 2147483647;
			files = (
			);
			runOnlyForDeploymentPostprocessing = 0;
		};
/* End PBXResourcesBuildPhase section */

/* Begin PBXSourcesBuildPhase section */
		4D4E16B32861926C0025DC81 /* Sources */ = {
			isa = PBXSourcesBuildPhase;
			buildActionMask = 2147483647;
			files = (
				4D4E16BF2861926C0025DC81 /* ViewController.swift in Sources */,
				4D4E16BB2861926C0025DC81 /* AppDelegate.swift in Sources */,
				4D4E16BD2861926C0025DC81 /* SceneDelegate.swift in Sources */,
			);
			runOnlyForDeploymentPostprocessing = 0;
		};
		4D4E16C9286192710025DC81 /* Sources */ = {
			isa = PBXSourcesBuildPhase;
			buildActionMask = 2147483647;
			files = (
				4D4E16D2286192710025DC81 /* TabBarAppTests.swift in Sources */,
			);
			runOnlyForDeploymentPostprocessing = 0;
		};
		4D4E16D3286192710025DC81 /* Sources */ = {
			isa = PBXSourcesBuildPhase;
			buildActionMask = 2147483647;
			files = (
				4D4E16DE286192710025DC81 /* TabBarAppUITestsLaunchTests.swift in Sources */,
				4D4E16DC286192710025DC81 /* TabBarAppUITests.swift in Sources */,
			);
			runOnlyForDeploymentPostprocessing = 0;
		};
/* End PBXSourcesBuildPhase section */

/* Begin PBXTargetDependency section */
		4D4E16CF286192710025DC81 /* PBXTargetDependency */ = {
			isa = PBXTargetDependency;
			target = 4D4E16B62861926C0025DC81 /* TabBarApp */;
			targetProxy = 4D4E16CE286192710025DC81 /* PBXContainerItemProxy */;
		};
		4D4E16D9286192710025DC81 /* PBXTargetDependency */ = {
			isa = PBXTargetDependency;
			target = 4D4E16B62861926C0025DC81 /* TabBarApp */;
			targetProxy = 4D4E16D8286192710025DC81 /* PBXContainerItemProxy */;
		};
/* End PBXTargetDependency section */

/* Begin PBXVariantGroup section */
		4D4E16C02861926C0025DC81 /* Main.storyboard */ = {
			isa = PBXVariantGroup;
			children = (
				4D4E16C12861926C0025DC81 /* Base */,
			);
			name = Main.storyboard;
			sourceTree = "<group>";
		};
		4D4E16C5286192710025DC81 /* LaunchScreen.storyboard */ = {
			isa = PBXVariantGroup;
			children = (
				4D4E16C6286192710025DC81 /* Base */,
			);
			name = LaunchScreen.storyboard;
			sourceTree = "<group>";
		};
/* End PBXVariantGroup section */

/* Begin XCBuildConfiguration section */
		4D4E16DF286192710025DC81 /* Debug */ = {
			isa = XCBuildConfiguration;
			buildSettings = {
				ALWAYS_SEARCH_USER_PATHS = NO;
				CLANG_ANALYZER_NONNULL = YES;
				CLANG_ANALYZER_NUMBER_OBJECT_CONVERSION = YES_AGGRESSIVE;
				CLANG_CXX_LANGUAGE_STANDARD = "gnu++17";
				CLANG_ENABLE_MODULES = YES;
				CLANG_ENABLE_OBJC_ARC = YES;
				CLANG_ENABLE_OBJC_WEAK = YES;
				CLANG_WARN_BLOCK_CAPTURE_AUTORELEASING = YES;
				CLANG_WARN_BOOL_CONVERSION = YES;
				CLANG_WARN_COMMA = YES;
				CLANG_WARN_CONSTANT_CONVERSION = YES;
				CLANG_WARN_DEPRECATED_OBJC_IMPLEMENTATIONS = YES;
				CLANG_WARN_DIRECT_OBJC_ISA_USAGE = YES_ERROR;
				CLANG_WARN_DOCUMENTATION_COMMENTS = YES;
				CLANG_WARN_EMPTY_BODY = YES;
				CLANG_WARN_ENUM_CONVERSION = YES;
				CLANG_WARN_INFINITE_RECURSION = YES;
				CLANG_WARN_INT_CONVERSION = YES;
				CLANG_WARN_NON_LITERAL_NULL_CONVERSION = YES;
				CLANG_WARN_OBJC_IMPLICIT_RETAIN_SELF = YES;
				CLANG_WARN_OBJC_LITERAL_CONVERSION = YES;
				CLANG_WARN_OBJC_ROOT_CLASS = YES_ERROR;
				CLANG_WARN_QUOTED_INCLUDE_IN_FRAMEWORK_HEADER = YES;
				CLANG_WARN_RANGE_LOOP_ANALYSIS = YES;
				CLANG_WARN_STRICT_PROTOTYPES = YES;
				CLANG_WARN_SUSPICIOUS_MOVE = YES;
				CLANG_WARN_UNGUARDED_AVAILABILITY = YES_AGGRESSIVE;
				CLANG_WARN_UNREACHABLE_CODE = YES;
				CLANG_WARN__DUPLICATE_METHOD_MATCH = YES;
				COPY_PHASE_STRIP = NO;
				DEBUG_INFORMATION_FORMAT = dwarf;
				ENABLE_STRICT_OBJC_MSGSEND = YES;
				ENABLE_TESTABILITY = YES;
				GCC_C_LANGUAGE_STANDARD = gnu11;
				GCC_DYNAMIC_NO_PIC = NO;
				GCC_NO_COMMON_BLOCKS = YES;
				GCC_OPTIMIZATION_LEVEL = 0;
				GCC_PREPROCESSOR_DEFINITIONS = (
					"DEBUG=1",
					"$(inherited)",
				);
				GCC_WARN_64_TO_32_BIT_CONVERSION = YES;
				GCC_WARN_ABOUT_RETURN_TYPE = YES_ERROR;
				GCC_WARN_UNDECLARED_SELECTOR = YES;
				GCC_WARN_UNINITIALIZED_AUTOS = YES_AGGRESSIVE;
				GCC_WARN_UNUSED_FUNCTION = YES;
				GCC_WARN_UNUSED_VARIABLE = YES;
				IPHONEOS_DEPLOYMENT_TARGET = 15.5;
				MTL_ENABLE_DEBUG_INFO = INCLUDE_SOURCE;
				MTL_FAST_MATH = YES;
				ONLY_ACTIVE_ARCH = YES;
				SDKROOT = iphoneos;
				SWIFT_ACTIVE_COMPILATION_CONDITIONS = DEBUG;
				SWIFT_OPTIMIZATION_LEVEL = "-Onone";
			};
			name = Debug;
		};
		4D4E16E0286192710025DC81 /* Release */ = {
			isa = XCBuildConfiguration;
			buildSettings = {
				ALWAYS_SEARCH_USER_PATHS = NO;
				CLANG_ANALYZER_NONNULL = YES;
				CLANG_ANALYZER_NUMBER_OBJECT_CONVERSION = YES_AGGRESSIVE;
				CLANG_CXX_LANGUAGE_STANDARD = "gnu++17";
				CLANG_ENABLE_MODULES = YES;
				CLANG_ENABLE_OBJC_ARC = YES;
				CLANG_ENABLE_OBJC_WEAK = YES;
				CLANG_WARN_BLOCK_CAPTURE_AUTORELEASING = YES;
				CLANG_WARN_BOOL_CONVERSION = YES;
				CLANG_WARN_COMMA = YES;
				CLANG_WARN_CONSTANT_CONVERSION = YES;
				CLANG_WARN_DEPRECATED_OBJC_IMPLEMENTATIONS = YES;
				CLANG_WARN_DIRECT_OBJC_ISA_USAGE = YES_ERROR;
				CLANG_WARN_DOCUMENTATION_COMMENTS = YES;
				CLANG_WARN_EMPTY_BODY = YES;
				CLANG_WARN_ENUM_CONVERSION = YES;
				CLANG_WARN_INFINITE_RECURSION = YES;
				CLANG_WARN_INT_CONVERSION = YES;
				CLANG_WARN_NON_LITERAL_NULL_CONVERSION = YES;
				CLANG_WARN_OBJC_IMPLICIT_RETAIN_SELF = YES;
				CLANG_WARN_OBJC_LITERAL_CONVERSION = YES;
				CLANG_WARN_OBJC_ROOT_CLASS = YES_ERROR;
				CLANG_WARN_QUOTED_INCLUDE_IN_FRAMEWORK_HEADER = YES;
				CLANG_WARN_RANGE_LOOP_ANALYSIS = YES;
				CLANG_WARN_STRICT_PROTOTYPES = YES;
				CLANG_WARN_SUSPICIOUS_MOVE = YES;
				CLANG_WARN_UNGUARDED_AVAILABILITY = YES_AGGRESSIVE;
				CLANG_WARN_UNREACHABLE_CODE = YES;
				CLANG_WARN__DUPLICATE_METHOD_MATCH = YES;
				COPY_PHASE_STRIP = NO;
				DEBUG_INFORMATION_FORMAT = "dwarf-with-dsym";
				ENABLE_NS_ASSERTIONS = NO;
				ENABLE_STRICT_OBJC_MSGSEND = YES;
				GCC_C_LANGUAGE_STANDARD = gnu11;
				GCC_NO_COMMON_BLOCKS = YES;
				GCC_WARN_64_TO_32_BIT_CONVERSION = YES;
				GCC_WARN_ABOUT_RETURN_TYPE = YES_ERROR;
				GCC_WARN_UNDECLARED_SELECTOR = YES;
				GCC_WARN_UNINITIALIZED_AUTOS = YES_AGGRESSIVE;
				GCC_WARN_UNUSED_FUNCTION = YES;
				GCC_WARN_UNUSED_VARIABLE = YES;
				IPHONEOS_DEPLOYMENT_TARGET = 15.5;
				MTL_ENABLE_DEBUG_INFO = NO;
				MTL_FAST_MATH = YES;
				SDKROOT = iphoneos;
				SWIFT_COMPILATION_MODE = wholemodule;
				SWIFT_OPTIMIZATION_LEVEL = "-O";
				VALIDATE_PRODUCT = YES;
			};
			name = Release;
		};
		4D4E16E2286192710025DC81 /* Debug */ = {
			isa = XCBuildConfiguration;
			buildSettings = {
				ASSETCATALOG_COMPILER_APPICON_NAME = AppIcon;
				ASSETCATALOG_COMPILER_GLOBAL_ACCENT_COLOR_NAME = AccentColor;
				CODE_SIGN_STYLE = Automatic;
				CURRENT_PROJECT_VERSION = 1;
				DEVELOPMENT_TEAM = L8RMCCPV5X;
				GENERATE_INFOPLIST_FILE = YES;
				INFOPLIST_FILE = TabBarApp/Info.plist;
				INFOPLIST_KEY_UIApplicationSupportsIndirectInputEvents = YES;
				INFOPLIST_KEY_UILaunchStoryboardName = LaunchScreen;
				INFOPLIST_KEY_UIMainStoryboardFile = Main;
				INFOPLIST_KEY_UISupportedInterfaceOrientations_iPad = "UIInterfaceOrientationPortrait UIInterfaceOrientationPortraitUpsideDown UIInterfaceOrientationLandscapeLeft UIInterfaceOrientationLandscapeRight";
				INFOPLIST_KEY_UISupportedInterfaceOrientations_iPhone = "UIInterfaceOrientationPortrait UIInterfaceOrientationLandscapeLeft UIInterfaceOrientationLandscapeRight";
				LD_RUNPATH_SEARCH_PATHS = (
					"$(inherited)",
					"@executable_path/Frameworks",
				);
				MARKETING_VERSION = 1.0;
				PRODUCT_BUNDLE_IDENTIFIER = compsci.TabBarApp;
				PRODUCT_NAME = "$(TARGET_NAME)";
				SWIFT_EMIT_LOC_STRINGS = YES;
				SWIFT_VERSION = 5.0;
				TARGETED_DEVICE_FAMILY = "1,2";
			};
			name = Debug;
		};
		4D4E16E3286192710025DC81 /* Release */ = {
			isa = XCBuildConfiguration;
			buildSettings = {
				ASSETCATALOG_COMPILER_APPICON_NAME = AppIcon;
				ASSETCATALOG_COMPILER_GLOBAL_ACCENT_COLOR_NAME = AccentColor;
				CODE_SIGN_STYLE = Automatic;
				CURRENT_PROJECT_VERSION = 1;
				DEVELOPMENT_TEAM = L8RMCCPV5X;
				GENERATE_INFOPLIST_FILE = YES;
				INFOPLIST_FILE = TabBarApp/Info.plist;
				INFOPLIST_KEY_UIApplicationSupportsIndirectInputEvents = YES;
				INFOPLIST_KEY_UILaunchStoryboardName = LaunchScreen;
				INFOPLIST_KEY_UIMainStoryboardFile = Main;
				INFOPLIST_KEY_UISupportedInterfaceOrientations_iPad = "UIInterfaceOrientationPortrait UIInterfaceOrientationPortraitUpsideDown UIInterfaceOrientationLandscapeLeft UIInterfaceOrientationLandscapeRight";
				INFOPLIST_KEY_UISupportedInterfaceOrientations_iPhone = "UIInterfaceOrientationPortrait UIInterfaceOrientationLandscapeLeft UIInterfaceOrientationLandscapeRight";
				LD_RUNPATH_SEARCH_PATHS = (
					"$(inherited)",
					"@executable_path/Frameworks",
				);
				MARKETING_VERSION = 1.0;
				PRODUCT_BUNDLE_IDENTIFIER = compsci.TabBarApp;
				PRODUCT_NAME = "$(TARGET_NAME)";
				SWIFT_EMIT_LOC_STRINGS = YES;
				SWIFT_VERSION = 5.0;
				TARGETED_DEVICE_FAMILY = "1,2";
			};
			name = Release;
		};
		4D4E16E5286192710025DC81 /* Debug */ = {
			isa = XCBuildConfiguration;
			buildSettings = {
				ALWAYS_EMBED_SWIFT_STANDARD_LIBRARIES = YES;
				BUNDLE_LOADER = "$(TEST_HOST)";
				CODE_SIGN_STYLE = Automatic;
				CURRENT_PROJECT_VERSION = 1;
				DEVELOPMENT_TEAM = L8RMCCPV5X;
				GENERATE_INFOPLIST_FILE = YES;
				IPHONEOS_DEPLOYMENT_TARGET = 15.5;
				MARKETING_VERSION = 1.0;
				PRODUCT_BUNDLE_IDENTIFIER = compsci.TabBarAppTests;
				PRODUCT_NAME = "$(TARGET_NAME)";
				SWIFT_EMIT_LOC_STRINGS = NO;
				SWIFT_VERSION = 5.0;
				TARGETED_DEVICE_FAMILY = "1,2";
				TEST_HOST = "$(BUILT_PRODUCTS_DIR)/TabBarApp.app/TabBarApp";
			};
			name = Debug;
		};
		4D4E16E6286192710025DC81 /* Release */ = {
			isa = XCBuildConfiguration;
			buildSettings = {
				ALWAYS_EMBED_SWIFT_STANDARD_LIBRARIES = YES;
				BUNDLE_LOADER = "$(TEST_HOST)";
				CODE_SIGN_STYLE = Automatic;
				CURRENT_PROJECT_VERSION = 1;
				DEVELOPMENT_TEAM = L8RMCCPV5X;
				GENERATE_INFOPLIST_FILE = YES;
				IPHONEOS_DEPLOYMENT_TARGET = 15.5;
				MARKETING_VERSION = 1.0;
				PRODUCT_BUNDLE_IDENTIFIER = compsci.TabBarAppTests;
				PRODUCT_NAME = "$(TARGET_NAME)";
				SWIFT_EMIT_LOC_STRINGS = NO;
				SWIFT_VERSION = 5.0;
				TARGETED_DEVICE_FAMILY = "1,2";
				TEST_HOST = "$(BUILT_PRODUCTS_DIR)/TabBarApp.app/TabBarApp";
			};
			name = Release;
		};
		4D4E16E8286192710025DC81 /* Debug */ = {
			isa = XCBuildConfiguration;
			buildSettings = {
				ALWAYS_EMBED_SWIFT_STANDARD_LIBRARIES = YES;
				CODE_SIGN_STYLE = Automatic;
				CURRENT_PROJECT_VERSION = 1;
				DEVELOPMENT_TEAM = L8RMCCPV5X;
				GENERATE_INFOPLIST_FILE = YES;
				MARKETING_VERSION = 1.0;
				PRODUCT_BUNDLE_IDENTIFIER = compsci.TabBarAppUITests;
				PRODUCT_NAME = "$(TARGET_NAME)";
				SWIFT_EMIT_LOC_STRINGS = NO;
				SWIFT_VERSION = 5.0;
				TARGETED_DEVICE_FAMILY = "1,2";
				TEST_TARGET_NAME = TabBarApp;
			};
			name = Debug;
		};
		4D4E16E9286192710025DC81 /* Release */ = {
			isa = XCBuildConfiguration;
			buildSettings = {
				ALWAYS_EMBED_SWIFT_STANDARD_LIBRARIES = YES;
				CODE_SIGN_STYLE = Automatic;
				CURRENT_PROJECT_VERSION = 1;
				DEVELOPMENT_TEAM = L8RMCCPV5X;
				GENERATE_INFOPLIST_FILE = YES;
				MARKETING_VERSION = 1.0;
				PRODUCT_BUNDLE_IDENTIFIER = compsci.TabBarAppUITests;
				PRODUCT_NAME = "$(TARGET_NAME)";
				SWIFT_EMIT_LOC_STRINGS = NO;
				SWIFT_VERSION = 5.0;
				TARGETED_DEVICE_FAMILY = "1,2";
				TEST_TARGET_NAME = TabBarApp;
			};
			name = Release;
		};
/* End XCBuildConfiguration section */

/* Begin XCConfigurationList section */
		4D4E16B22861926C0025DC81 /* Build configuration list for PBXProject "TabBarApp" */ = {
			isa = XCConfigurationList;
			buildConfigurations = (
				4D4E16DF286192710025DC81 /* Debug */,
				4D4E16E0286192710025DC81 /* Release */,
			);
			defaultConfigurationIsVisible = 0;
			defaultConfigurationName = Release;
		};
		4D4E16E1286192710025DC81 /* Build configuration list for PBXNativeTarget "TabBarApp" */ = {
			isa = XCConfigurationList;
			buildConfigurations = (
				4D4E16E2286192710025DC81 /* Debug */,
				4D4E16E3286192710025DC81 /* Release */,
			);
			defaultConfigurationIsVisible = 0;
			defaultConfigurationName = Release;
		};
		4D4E16E4286192710025DC81 /* Build configuration list for PBXNativeTarget "TabBarAppTests" */ = {
			isa = XCConfigurationList;
			buildConfigurations = (
				4D4E16E5286192710025DC81 /* Debug */,
				4D4E16E6286192710025DC81 /* Release */,
			);
			defaultConfigurationIsVisible = 0;
			defaultConfigurationName = Release;
		};
		4D4E16E7286192710025DC81 /* Build configuration list for PBXNativeTarget "TabBarAppUITests" */ = {
			isa = XCConfigurationList;
			buildConfigurations = (
				4D4E16E8286192710025DC81 /* Debug */,
				4D4E16E9286192710025DC81 /* Release */,
			);
			defaultConfigurationIsVisible = 0;
			defaultConfigurationName = Release;
		};
/* End XCConfigurationList section */
	};
	rootObject = 4D4E16AF2861926C0025DC81 /* Project object */;
}
