// !$*UTF8*$!
{
	archiveVersion = 1;
	classes = {
	};
	objectVersion = 55;
	objects = {

/* Begin PBXBuildFile section */
		4DD3E658287B9C3500A0BD5F /* AppDelegate.swift in Sources */ = {isa = PBXBuildFile; fileRef = 4DD3E657287B9C3500A0BD5F /* AppDelegate.swift */; };
		4DD3E65A287B9C3500A0BD5F /* SceneDelegate.swift in Sources */ = {isa = PBXBuildFile; fileRef = 4DD3E659287B9C3500A0BD5F /* SceneDelegate.swift */; };
		4DD3E65C287B9C3500A0BD5F /* ViewController.swift in Sources */ = {isa = PBXBuildFile; fileRef = 4DD3E65B287B9C3500A0BD5F /* ViewController.swift */; };
		4DD3E65F287B9C3500A0BD5F /* Main.storyboard in Resources */ = {isa = PBXBuildFile; fileRef = 4DD3E65D287B9C3500A0BD5F /* Main.storyboard */; };
		4DD3E661287B9C3700A0BD5F /* Assets.xcassets in Resources */ = {isa = PBXBuildFile; fileRef = 4DD3E660287B9C3700A0BD5F /* Assets.xcassets */; };
		4DD3E664287B9C3700A0BD5F /* LaunchScreen.storyboard in Resources */ = {isa = PBXBuildFile; fileRef = 4DD3E662287B9C3700A0BD5F /* LaunchScreen.storyboard */; };
		4DD3E66F287B9C3800A0BD5F /* LocationAppTests.swift in Sources */ = {isa = PBXBuildFile; fileRef = 4DD3E66E287B9C3800A0BD5F /* LocationAppTests.swift */; };
		4DD3E679287B9C3800A0BD5F /* LocationAppUITests.swift in Sources */ = {isa = PBXBuildFile; fileRef = 4DD3E678287B9C3800A0BD5F /* LocationAppUITests.swift */; };
		4DD3E67B287B9C3800A0BD5F /* LocationAppUITestsLaunchTests.swift in Sources */ = {isa = PBXBuildFile; fileRef = 4DD3E67A287B9C3800A0BD5F /* LocationAppUITestsLaunchTests.swift */; };
/* End PBXBuildFile section */

/* Begin PBXContainerItemProxy section */
		4DD3E66B287B9C3800A0BD5F /* PBXContainerItemProxy */ = {
			isa = PBXContainerItemProxy;
			containerPortal = 4DD3E64C287B9C3500A0BD5F /* Project object */;
			proxyType = 1;
			remoteGlobalIDString = 4DD3E653287B9C3500A0BD5F;
			remoteInfo = LocationApp;
		};
		4DD3E675287B9C3800A0BD5F /* PBXContainerItemProxy */ = {
			isa = PBXContainerItemProxy;
			containerPortal = 4DD3E64C287B9C3500A0BD5F /* Project object */;
			proxyType = 1;
			remoteGlobalIDString = 4DD3E653287B9C3500A0BD5F;
			remoteInfo = LocationApp;
		};
/* End PBXContainerItemProxy section */

/* Begin PBXFileReference section */
		4DD3E654287B9C3500A0BD5F /* LocationApp.app */ = {isa = PBXFileReference; explicitFileType = wrapper.application; includeInIndex = 0; path = LocationApp.app; sourceTree = BUILT_PRODUCTS_DIR; };
		4DD3E657287B9C3500A0BD5F /* AppDelegate.swift */ = {isa = PBXFileReference; lastKnownFileType = sourcecode.swift; path = AppDelegate.swift; sourceTree = "<group>"; };
		4DD3E659287B9C3500A0BD5F /* SceneDelegate.swift */ = {isa = PBXFileReference; lastKnownFileType = sourcecode.swift; path = SceneDelegate.swift; sourceTree = "<group>"; };
		4DD3E65B287B9C3500A0BD5F /* ViewController.swift */ = {isa = PBXFileReference; lastKnownFileType = sourcecode.swift; path = ViewController.swift; sourceTree = "<group>"; };
		4DD3E65E287B9C3500A0BD5F /* Base */ = {isa = PBXFileReference; lastKnownFileType = file.storyboard; name = Base; path = Base.lproj/Main.storyboard; sourceTree = "<group>"; };
		4DD3E660287B9C3700A0BD5F /* Assets.xcassets */ = {isa = PBXFileReference; lastKnownFileType = folder.assetcatalog; path = Assets.xcassets; sourceTree = "<group>"; };
		4DD3E663287B9C3700A0BD5F /* Base */ = {isa = PBXFileReference; lastKnownFileType = file.storyboard; name = Base; path = Base.lproj/LaunchScreen.storyboard; sourceTree = "<group>"; };
		4DD3E665287B9C3700A0BD5F /* Info.plist */ = {isa = PBXFileReference; lastKnownFileType = text.plist.xml; path = Info.plist; sourceTree = "<group>"; };
		4DD3E66A287B9C3800A0BD5F /* LocationAppTests.xctest */ = {isa = PBXFileReference; explicitFileType = wrapper.cfbundle; includeInIndex = 0; path = LocationAppTests.xctest; sourceTree = BUILT_PRODUCTS_DIR; };
		4DD3E66E287B9C3800A0BD5F /* LocationAppTests.swift */ = {isa = PBXFileReference; lastKnownFileType = sourcecode.swift; path = LocationAppTests.swift; sourceTree = "<group>"; };
		4DD3E674287B9C3800A0BD5F /* LocationAppUITests.xctest */ = {isa = PBXFileReference; explicitFileType = wrapper.cfbundle; includeInIndex = 0; path = LocationAppUITests.xctest; sourceTree = BUILT_PRODUCTS_DIR; };
		4DD3E678287B9C3800A0BD5F /* LocationAppUITests.swift */ = {isa = PBXFileReference; lastKnownFileType = sourcecode.swift; path = LocationAppUITests.swift; sourceTree = "<group>"; };
		4DD3E67A287B9C3800A0BD5F /* LocationAppUITestsLaunchTests.swift */ = {isa = PBXFileReference; lastKnownFileType = sourcecode.swift; path = LocationAppUITestsLaunchTests.swift; sourceTree = "<group>"; };
/* End PBXFileReference section */

/* Begin PBXFrameworksBuildPhase section */
		4DD3E651287B9C3500A0BD5F /* Frameworks */ = {
			isa = PBXFrameworksBuildPhase;
			buildActionMask = 2147483647;
			files = (
			);
			runOnlyForDeploymentPostprocessing = 0;
		};
		4DD3E667287B9C3800A0BD5F /* Frameworks */ = {
			isa = PBXFrameworksBuildPhase;
			buildActionMask = 2147483647;
			files = (
			);
			runOnlyForDeploymentPostprocessing = 0;
		};
		4DD3E671287B9C3800A0BD5F /* Frameworks */ = {
			isa = PBXFrameworksBuildPhase;
			buildActionMask = 2147483647;
			files = (
			);
			runOnlyForDeploymentPostprocessing = 0;
		};
/* End PBXFrameworksBuildPhase section */

/* Begin PBXGroup section */
		4DD3E64B287B9C3500A0BD5F = {
			isa = PBXGroup;
			children = (
				4DD3E656287B9C3500A0BD5F /* LocationApp */,
				4DD3E66D287B9C3800A0BD5F /* LocationAppTests */,
				4DD3E677287B9C3800A0BD5F /* LocationAppUITests */,
				4DD3E655287B9C3500A0BD5F /* Products */,
			);
			sourceTree = "<group>";
		};
		4DD3E655287B9C3500A0BD5F /* Products */ = {
			isa = PBXGroup;
			children = (
				4DD3E654287B9C3500A0BD5F /* LocationApp.app */,
				4DD3E66A287B9C3800A0BD5F /* LocationAppTests.xctest */,
				4DD3E674287B9C3800A0BD5F /* LocationAppUITests.xctest */,
			);
			name = Products;
			sourceTree = "<group>";
		};
		4DD3E656287B9C3500A0BD5F /* LocationApp */ = {
			isa = PBXGroup;
			children = (
				4DD3E657287B9C3500A0BD5F /* AppDelegate.swift */,
				4DD3E659287B9C3500A0BD5F /* SceneDelegate.swift */,
				4DD3E65B287B9C3500A0BD5F /* ViewController.swift */,
				4DD3E65D287B9C3500A0BD5F /* Main.storyboard */,
				4DD3E660287B9C3700A0BD5F /* Assets.xcassets */,
				4DD3E662287B9C3700A0BD5F /* LaunchScreen.storyboard */,
				4DD3E665287B9C3700A0BD5F /* Info.plist */,
			);
			path = LocationApp;
			sourceTree = "<group>";
		};
		4DD3E66D287B9C3800A0BD5F /* LocationAppTests */ = {
			isa = PBXGroup;
			children = (
				4DD3E66E287B9C3800A0BD5F /* LocationAppTests.swift */,
			);
			path = LocationAppTests;
			sourceTree = "<group>";
		};
		4DD3E677287B9C3800A0BD5F /* LocationAppUITests */ = {
			isa = PBXGroup;
			children = (
				4DD3E678287B9C3800A0BD5F /* LocationAppUITests.swift */,
				4DD3E67A287B9C3800A0BD5F /* LocationAppUITestsLaunchTests.swift */,
			);
			path = LocationAppUITests;
			sourceTree = "<group>";
		};
/* End PBXGroup section */

/* Begin PBXNativeTarget section */
		4DD3E653287B9C3500A0BD5F /* LocationApp */ = {
			isa = PBXNativeTarget;
			buildConfigurationList = 4DD3E67E287B9C3800A0BD5F /* Build configuration list for PBXNativeTarget "LocationApp" */;
			buildPhases = (
				4DD3E650287B9C3500A0BD5F /* Sources */,
				4DD3E651287B9C3500A0BD5F /* Frameworks */,
				4DD3E652287B9C3500A0BD5F /* Resources */,
			);
			buildRules = (
			);
			dependencies = (
			);
			name = LocationApp;
			productName = LocationApp;
			productReference = 4DD3E654287B9C3500A0BD5F /* LocationApp.app */;
			productType = "com.apple.product-type.application";
		};
		4DD3E669287B9C3800A0BD5F /* LocationAppTests */ = {
			isa = PBXNativeTarget;
			buildConfigurationList = 4DD3E681287B9C3800A0BD5F /* Build configuration list for PBXNativeTarget "LocationAppTests" */;
			buildPhases = (
				4DD3E666287B9C3800A0BD5F /* Sources */,
				4DD3E667287B9C3800A0BD5F /* Frameworks */,
				4DD3E668287B9C3800A0BD5F /* Resources */,
			);
			buildRules = (
			);
			dependencies = (
				4DD3E66C287B9C3800A0BD5F /* PBXTargetDependency */,
			);
			name = LocationAppTests;
			productName = LocationAppTests;
			productReference = 4DD3E66A287B9C3800A0BD5F /* LocationAppTests.xctest */;
			productType = "com.apple.product-type.bundle.unit-test";
		};
		4DD3E673287B9C3800A0BD5F /* LocationAppUITests */ = {
			isa = PBXNativeTarget;
			buildConfigurationList = 4DD3E684287B9C3800A0BD5F /* Build configuration list for PBXNativeTarget "LocationAppUITests" */;
			buildPhases = (
				4DD3E670287B9C3800A0BD5F /* Sources */,
				4DD3E671287B9C3800A0BD5F /* Frameworks */,
				4DD3E672287B9C3800A0BD5F /* Resources */,
			);
			buildRules = (
			);
			dependencies = (
				4DD3E676287B9C3800A0BD5F /* PBXTargetDependency */,
			);
			name = LocationAppUITests;
			productName = LocationAppUITests;
			productReference = 4DD3E674287B9C3800A0BD5F /* LocationAppUITests.xctest */;
			productType = "com.apple.product-type.bundle.ui-testing";
		};
/* End PBXNativeTarget section */

/* Begin PBXProject section */
		4DD3E64C287B9C3500A0BD5F /* Project object */ = {
			isa = PBXProject;
			attributes = {
				BuildIndependentTargetsInParallel = 1;
				LastSwiftUpdateCheck = 1340;
				LastUpgradeCheck = 1340;
				TargetAttributes = {
					4DD3E653287B9C3500A0BD5F = {
						CreatedOnToolsVersion = 13.4.1;
					};
					4DD3E669287B9C3800A0BD5F = {
						CreatedOnToolsVersion = 13.4.1;
						TestTargetID = 4DD3E653287B9C3500A0BD5F;
					};
					4DD3E673287B9C3800A0BD5F = {
						CreatedOnToolsVersion = 13.4.1;
						TestTargetID = 4DD3E653287B9C3500A0BD5F;
					};
				};
			};
			buildConfigurationList = 4DD3E64F287B9C3500A0BD5F /* Build configuration list for PBXProject "LocationApp" */;
			compatibilityVersion = "Xcode 13.0";
			developmentRegion = en;
			hasScannedForEncodings = 0;
			knownRegions = (
				en,
				Base,
			);
			mainGroup = 4DD3E64B287B9C3500A0BD5F;
			productRefGroup = 4DD3E655287B9C3500A0BD5F /* Products */;
			projectDirPath = "";
			projectRoot = "";
			targets = (
				4DD3E653287B9C3500A0BD5F /* LocationApp */,
				4DD3E669287B9C3800A0BD5F /* LocationAppTests */,
				4DD3E673287B9C3800A0BD5F /* LocationAppUITests */,
			);
		};
/* End PBXProject section */

/* Begin PBXResourcesBuildPhase section */
		4DD3E652287B9C3500A0BD5F /* Resources */ = {
			isa = PBXResourcesBuildPhase;
			buildActionMask = 2147483647;
			files = (
				4DD3E664287B9C3700A0BD5F /* LaunchScreen.storyboard in Resources */,
				4DD3E661287B9C3700A0BD5F /* Assets.xcassets in Resources */,
				4DD3E65F287B9C3500A0BD5F /* Main.storyboard in Resources */,
			);
			runOnlyForDeploymentPostprocessing = 0;
		};
		4DD3E668287B9C3800A0BD5F /* Resources */ = {
			isa = PBXResourcesBuildPhase;
			buildActionMask = 2147483647;
			files = (
			);
			runOnlyForDeploymentPostprocessing = 0;
		};
		4DD3E672287B9C3800A0BD5F /* Resources */ = {
			isa = PBXResourcesBuildPhase;
			buildActionMask = 2147483647;
			files = (
			);
			runOnlyForDeploymentPostprocessing = 0;
		};
/* End PBXResourcesBuildPhase section */

/* Begin PBXSourcesBuildPhase section */
		4DD3E650287B9C3500A0BD5F /* Sources */ = {
			isa = PBXSourcesBuildPhase;
			buildActionMask = 2147483647;
			files = (
				4DD3E65C287B9C3500A0BD5F /* ViewController.swift in Sources */,
				4DD3E658287B9C3500A0BD5F /* AppDelegate.swift in Sources */,
				4DD3E65A287B9C3500A0BD5F /* SceneDelegate.swift in Sources */,
			);
			runOnlyForDeploymentPostprocessing = 0;
		};
		4DD3E666287B9C3800A0BD5F /* Sources */ = {
			isa = PBXSourcesBuildPhase;
			buildActionMask = 2147483647;
			files = (
				4DD3E66F287B9C3800A0BD5F /* LocationAppTests.swift in Sources */,
			);
			runOnlyForDeploymentPostprocessing = 0;
		};
		4DD3E670287B9C3800A0BD5F /* Sources */ = {
			isa = PBXSourcesBuildPhase;
			buildActionMask = 2147483647;
			files = (
				4DD3E679287B9C3800A0BD5F /* LocationAppUITests.swift in Sources */,
				4DD3E67B287B9C3800A0BD5F /* LocationAppUITestsLaunchTests.swift in Sources */,
			);
			runOnlyForDeploymentPostprocessing = 0;
		};
/* End PBXSourcesBuildPhase section */

/* Begin PBXTargetDependency section */
		4DD3E66C287B9C3800A0BD5F /* PBXTargetDependency */ = {
			isa = PBXTargetDependency;
			target = 4DD3E653287B9C3500A0BD5F /* LocationApp */;
			targetProxy = 4DD3E66B287B9C3800A0BD5F /* PBXContainerItemProxy */;
		};
		4DD3E676287B9C3800A0BD5F /* PBXTargetDependency */ = {
			isa = PBXTargetDependency;
			target = 4DD3E653287B9C3500A0BD5F /* LocationApp */;
			targetProxy = 4DD3E675287B9C3800A0BD5F /* PBXContainerItemProxy */;
		};
/* End PBXTargetDependency section */

/* Begin PBXVariantGroup section */
		4DD3E65D287B9C3500A0BD5F /* Main.storyboard */ = {
			isa = PBXVariantGroup;
			children = (
				4DD3E65E287B9C3500A0BD5F /* Base */,
			);
			name = Main.storyboard;
			sourceTree = "<group>";
		};
		4DD3E662287B9C3700A0BD5F /* LaunchScreen.storyboard */ = {
			isa = PBXVariantGroup;
			children = (
				4DD3E663287B9C3700A0BD5F /* Base */,
			);
			name = LaunchScreen.storyboard;
			sourceTree = "<group>";
		};
/* End PBXVariantGroup section */

/* Begin XCBuildConfiguration section */
		4DD3E67C287B9C3800A0BD5F /* Debug */ = {
			isa = XCBuildConfiguration;
			buildSettings = {
				ALWAYS_SEARCH_USER_PATHS = NO;
				CLANG_ANALYZER_NONNULL = YES;
				CLANG_ANALYZER_NUMBER_OBJECT_CONVERSION = YES_AGGRESSIVE;
				CLANG_CXX_LANGUAGE_STANDARD = "gnu++17";
				CLANG_ENABLE_MODULES = YES;
				CLANG_ENABLE_OBJC_ARC = YES;
				CLANG_ENABLE_OBJC_WEAK = YES;
				CLANG_WARN_BLOCK_CAPTURE_AUTORELEASING = YES;
				CLANG_WARN_BOOL_CONVERSION = YES;
				CLANG_WARN_COMMA = YES;
				CLANG_WARN_CONSTANT_CONVERSION = YES;
				CLANG_WARN_DEPRECATED_OBJC_IMPLEMENTATIONS = YES;
				CLANG_WARN_DIRECT_OBJC_ISA_USAGE = YES_ERROR;
				CLANG_WARN_DOCUMENTATION_COMMENTS = YES;
				CLANG_WARN_EMPTY_BODY = YES;
				CLANG_WARN_ENUM_CONVERSION = YES;
				CLANG_WARN_INFINITE_RECURSION = YES;
				CLANG_WARN_INT_CONVERSION = YES;
				CLANG_WARN_NON_LITERAL_NULL_CONVERSION = YES;
				CLANG_WARN_OBJC_IMPLICIT_RETAIN_SELF = YES;
				CLANG_WARN_OBJC_LITERAL_CONVERSION = YES;
				CLANG_WARN_OBJC_ROOT_CLASS = YES_ERROR;
				CLANG_WARN_QUOTED_INCLUDE_IN_FRAMEWORK_HEADER = YES;
				CLANG_WARN_RANGE_LOOP_ANALYSIS = YES;
				CLANG_WARN_STRICT_PROTOTYPES = YES;
				CLANG_WARN_SUSPICIOUS_MOVE = YES;
				CLANG_WARN_UNGUARDED_AVAILABILITY = YES_AGGRESSIVE;
				CLANG_WARN_UNREACHABLE_CODE = YES;
				CLANG_WARN__DUPLICATE_METHOD_MATCH = YES;
				COPY_PHASE_STRIP = NO;
				DEBUG_INFORMATION_FORMAT = dwarf;
				ENABLE_STRICT_OBJC_MSGSEND = YES;
				ENABLE_TESTABILITY = YES;
				GCC_C_LANGUAGE_STANDARD = gnu11;
				GCC_DYNAMIC_NO_PIC = NO;
				GCC_NO_COMMON_BLOCKS = YES;
				GCC_OPTIMIZATION_LEVEL = 0;
				GCC_PREPROCESSOR_DEFINITIONS = (
					"DEBUG=1",
					"$(inherited)",
				);
				GCC_WARN_64_TO_32_BIT_CONVERSION = YES;
				GCC_WARN_ABOUT_RETURN_TYPE = YES_ERROR;
				GCC_WARN_UNDECLARED_SELECTOR = YES;
				GCC_WARN_UNINITIALIZED_AUTOS = YES_AGGRESSIVE;
				GCC_WARN_UNUSED_FUNCTION = YES;
				GCC_WARN_UNUSED_VARIABLE = YES;
				IPHONEOS_DEPLOYMENT_TARGET = 15.5;
				MTL_ENABLE_DEBUG_INFO = INCLUDE_SOURCE;
				MTL_FAST_MATH = YES;
				ONLY_ACTIVE_ARCH = YES;
				SDKROOT = iphoneos;
				SWIFT_ACTIVE_COMPILATION_CONDITIONS = DEBUG;
				SWIFT_OPTIMIZATION_LEVEL = "-Onone";
			};
			name = Debug;
		};
		4DD3E67D287B9C3800A0BD5F /* Release */ = {
			isa = XCBuildConfiguration;
			buildSettings = {
				ALWAYS_SEARCH_USER_PATHS = NO;
				CLANG_ANALYZER_NONNULL = YES;
				CLANG_ANALYZER_NUMBER_OBJECT_CONVERSION = YES_AGGRESSIVE;
				CLANG_CXX_LANGUAGE_STANDARD = "gnu++17";
				CLANG_ENABLE_MODULES = YES;
				CLANG_ENABLE_OBJC_ARC = YES;
				CLANG_ENABLE_OBJC_WEAK = YES;
				CLANG_WARN_BLOCK_CAPTURE_AUTORELEASING = YES;
				CLANG_WARN_BOOL_CONVERSION = YES;
				CLANG_WARN_COMMA = YES;
				CLANG_WARN_CONSTANT_CONVERSION = YES;
				CLANG_WARN_DEPRECATED_OBJC_IMPLEMENTATIONS = YES;
				CLANG_WARN_DIRECT_OBJC_ISA_USAGE = YES_ERROR;
				CLANG_WARN_DOCUMENTATION_COMMENTS = YES;
				CLANG_WARN_EMPTY_BODY = YES;
				CLANG_WARN_ENUM_CONVERSION = YES;
				CLANG_WARN_INFINITE_RECURSION = YES;
				CLANG_WARN_INT_CONVERSION = YES;
				CLANG_WARN_NON_LITERAL_NULL_CONVERSION = YES;
				CLANG_WARN_OBJC_IMPLICIT_RETAIN_SELF = YES;
				CLANG_WARN_OBJC_LITERAL_CONVERSION = YES;
				CLANG_WARN_OBJC_ROOT_CLASS = YES_ERROR;
				CLANG_WARN_QUOTED_INCLUDE_IN_FRAMEWORK_HEADER = YES;
				CLANG_WARN_RANGE_LOOP_ANALYSIS = YES;
				CLANG_WARN_STRICT_PROTOTYPES = YES;
				CLANG_WARN_SUSPICIOUS_MOVE = YES;
				CLANG_WARN_UNGUARDED_AVAILABILITY = YES_AGGRESSIVE;
				CLANG_WARN_UNREACHABLE_CODE = YES;
				CLANG_WARN__DUPLICATE_METHOD_MATCH = YES;
				COPY_PHASE_STRIP = NO;
				DEBUG_INFORMATION_FORMAT = "dwarf-with-dsym";
				ENABLE_NS_ASSERTIONS = NO;
				ENABLE_STRICT_OBJC_MSGSEND = YES;
				GCC_C_LANGUAGE_STANDARD = gnu11;
				GCC_NO_COMMON_BLOCKS = YES;
				GCC_WARN_64_TO_32_BIT_CONVERSION = YES;
				GCC_WARN_ABOUT_RETURN_TYPE = YES_ERROR;
				GCC_WARN_UNDECLARED_SELECTOR = YES;
				GCC_WARN_UNINITIALIZED_AUTOS = YES_AGGRESSIVE;
				GCC_WARN_UNUSED_FUNCTION = YES;
				GCC_WARN_UNUSED_VARIABLE = YES;
				IPHONEOS_DEPLOYMENT_TARGET = 15.5;
				MTL_ENABLE_DEBUG_INFO = NO;
				MTL_FAST_MATH = YES;
				SDKROOT = iphoneos;
				SWIFT_COMPILATION_MODE = wholemodule;
				SWIFT_OPTIMIZATION_LEVEL = "-O";
				VALIDATE_PRODUCT = YES;
			};
			name = Release;
		};
		4DD3E67F287B9C3800A0BD5F /* Debug */ = {
			isa = XCBuildConfiguration;
			buildSettings = {
				ASSETCATALOG_COMPILER_APPICON_NAME = AppIcon;
				ASSETCATALOG_COMPILER_GLOBAL_ACCENT_COLOR_NAME = AccentColor;
				CODE_SIGN_STYLE = Automatic;
				CURRENT_PROJECT_VERSION = 1;
				DEVELOPMENT_TEAM = L8RMCCPV5X;
				GENERATE_INFOPLIST_FILE = YES;
				INFOPLIST_FILE = LocationApp/Info.plist;
				INFOPLIST_KEY_UIApplicationSupportsIndirectInputEvents = YES;
				INFOPLIST_KEY_UILaunchStoryboardName = LaunchScreen;
				INFOPLIST_KEY_UIMainStoryboardFile = Main;
				INFOPLIST_KEY_UISupportedInterfaceOrientations_iPad = "UIInterfaceOrientationPortrait UIInterfaceOrientationPortraitUpsideDown UIInterfaceOrientationLandscapeLeft UIInterfaceOrientationLandscapeRight";
				INFOPLIST_KEY_UISupportedInterfaceOrientations_iPhone = "UIInterfaceOrientationPortrait UIInterfaceOrientationLandscapeLeft UIInterfaceOrientationLandscapeRight";
				LD_RUNPATH_SEARCH_PATHS = (
					"$(inherited)",
					"@executable_path/Frameworks",
				);
				MARKETING_VERSION = 1.0;
				PRODUCT_BUNDLE_IDENTIFIER = compsci.LocationApp;
				PRODUCT_NAME = "$(TARGET_NAME)";
				SWIFT_EMIT_LOC_STRINGS = YES;
				SWIFT_VERSION = 5.0;
				TARGETED_DEVICE_FAMILY = "1,2";
			};
			name = Debug;
		};
		4DD3E680287B9C3800A0BD5F /* Release */ = {
			isa = XCBuildConfiguration;
			buildSettings = {
				ASSETCATALOG_COMPILER_APPICON_NAME = AppIcon;
				ASSETCATALOG_COMPILER_GLOBAL_ACCENT_COLOR_NAME = AccentColor;
				CODE_SIGN_STYLE = Automatic;
				CURRENT_PROJECT_VERSION = 1;
				DEVELOPMENT_TEAM = L8RMCCPV5X;
				GENERATE_INFOPLIST_FILE = YES;
				INFOPLIST_FILE = LocationApp/Info.plist;
				INFOPLIST_KEY_UIApplicationSupportsIndirectInputEvents = YES;
				INFOPLIST_KEY_UILaunchStoryboardName = LaunchScreen;
				INFOPLIST_KEY_UIMainStoryboardFile = Main;
				INFOPLIST_KEY_UISupportedInterfaceOrientations_iPad = "UIInterfaceOrientationPortrait UIInterfaceOrientationPortraitUpsideDown UIInterfaceOrientationLandscapeLeft UIInterfaceOrientationLandscapeRight";
				INFOPLIST_KEY_UISupportedInterfaceOrientations_iPhone = "UIInterfaceOrientationPortrait UIInterfaceOrientationLandscapeLeft UIInterfaceOrientationLandscapeRight";
				LD_RUNPATH_SEARCH_PATHS = (
					"$(inherited)",
					"@executable_path/Frameworks",
				);
				MARKETING_VERSION = 1.0;
				PRODUCT_BUNDLE_IDENTIFIER = compsci.LocationApp;
				PRODUCT_NAME = "$(TARGET_NAME)";
				SWIFT_EMIT_LOC_STRINGS = YES;
				SWIFT_VERSION = 5.0;
				TARGETED_DEVICE_FAMILY = "1,2";
			};
			name = Release;
		};
		4DD3E682287B9C3800A0BD5F /* Debug */ = {
			isa = XCBuildConfiguration;
			buildSettings = {
				ALWAYS_EMBED_SWIFT_STANDARD_LIBRARIES = YES;
				BUNDLE_LOADER = "$(TEST_HOST)";
				CODE_SIGN_STYLE = Automatic;
				CURRENT_PROJECT_VERSION = 1;
				DEVELOPMENT_TEAM = L8RMCCPV5X;
				GENERATE_INFOPLIST_FILE = YES;
				IPHONEOS_DEPLOYMENT_TARGET = 15.5;
				MARKETING_VERSION = 1.0;
				PRODUCT_BUNDLE_IDENTIFIER = compsci.LocationAppTests;
				PRODUCT_NAME = "$(TARGET_NAME)";
				SWIFT_EMIT_LOC_STRINGS = NO;
				SWIFT_VERSION = 5.0;
				TARGETED_DEVICE_FAMILY = "1,2";
				TEST_HOST = "$(BUILT_PRODUCTS_DIR)/LocationApp.app/LocationApp";
			};
			name = Debug;
		};
		4DD3E683287B9C3800A0BD5F /* Release */ = {
			isa = XCBuildConfiguration;
			buildSettings = {
				ALWAYS_EMBED_SWIFT_STANDARD_LIBRARIES = YES;
				BUNDLE_LOADER = "$(TEST_HOST)";
				CODE_SIGN_STYLE = Automatic;
				CURRENT_PROJECT_VERSION = 1;
				DEVELOPMENT_TEAM = L8RMCCPV5X;
				GENERATE_INFOPLIST_FILE = YES;
				IPHONEOS_DEPLOYMENT_TARGET = 15.5;
				MARKETING_VERSION = 1.0;
				PRODUCT_BUNDLE_IDENTIFIER = compsci.LocationAppTests;
				PRODUCT_NAME = "$(TARGET_NAME)";
				SWIFT_EMIT_LOC_STRINGS = NO;
				SWIFT_VERSION = 5.0;
				TARGETED_DEVICE_FAMILY = "1,2";
				TEST_HOST = "$(BUILT_PRODUCTS_DIR)/LocationApp.app/LocationApp";
			};
			name = Release;
		};
		4DD3E685287B9C3800A0BD5F /* Debug */ = {
			isa = XCBuildConfiguration;
			buildSettings = {
				ALWAYS_EMBED_SWIFT_STANDARD_LIBRARIES = YES;
				CODE_SIGN_STYLE = Automatic;
				CURRENT_PROJECT_VERSION = 1;
				DEVELOPMENT_TEAM = L8RMCCPV5X;
				GENERATE_INFOPLIST_FILE = YES;
				MARKETING_VERSION = 1.0;
				PRODUCT_BUNDLE_IDENTIFIER = compsci.LocationAppUITests;
				PRODUCT_NAME = "$(TARGET_NAME)";
				SWIFT_EMIT_LOC_STRINGS = NO;
				SWIFT_VERSION = 5.0;
				TARGETED_DEVICE_FAMILY = "1,2";
				TEST_TARGET_NAME = LocationApp;
			};
			name = Debug;
		};
		4DD3E686287B9C3800A0BD5F /* Release */ = {
			isa = XCBuildConfiguration;
			buildSettings = {
				ALWAYS_EMBED_SWIFT_STANDARD_LIBRARIES = YES;
				CODE_SIGN_STYLE = Automatic;
				CURRENT_PROJECT_VERSION = 1;
				DEVELOPMENT_TEAM = L8RMCCPV5X;
				GENERATE_INFOPLIST_FILE = YES;
				MARKETING_VERSION = 1.0;
				PRODUCT_BUNDLE_IDENTIFIER = compsci.LocationAppUITests;
				PRODUCT_NAME = "$(TARGET_NAME)";
				SWIFT_EMIT_LOC_STRINGS = NO;
				SWIFT_VERSION = 5.0;
				TARGETED_DEVICE_FAMILY = "1,2";
				TEST_TARGET_NAME = LocationApp;
			};
			name = Release;
		};
/* End XCBuildConfiguration section */

/* Begin XCConfigurationList section */
		4DD3E64F287B9C3500A0BD5F /* Build configuration list for PBXProject "LocationApp" */ = {
			isa = XCConfigurationList;
			buildConfigurations = (
				4DD3E67C287B9C3800A0BD5F /* Debug */,
				4DD3E67D287B9C3800A0BD5F /* Release */,
			);
			defaultConfigurationIsVisible = 0;
			defaultConfigurationName = Release;
		};
		4DD3E67E287B9C3800A0BD5F /* Build configuration list for PBXNativeTarget "LocationApp" */ = {
			isa = XCConfigurationList;
			buildConfigurations = (
				4DD3E67F287B9C3800A0BD5F /* Debug */,
				4DD3E680287B9C3800A0BD5F /* Release */,
			);
			defaultConfigurationIsVisible = 0;
			defaultConfigurationName = Release;
		};
		4DD3E681287B9C3800A0BD5F /* Build configuration list for PBXNativeTarget "LocationAppTests" */ = {
			isa = XCConfigurationList;
			buildConfigurations = (
				4DD3E682287B9C3800A0BD5F /* Debug */,
				4DD3E683287B9C3800A0BD5F /* Release */,
			);
			defaultConfigurationIsVisible = 0;
			defaultConfigurationName = Release;
		};
		4DD3E684287B9C3800A0BD5F /* Build configuration list for PBXNativeTarget "LocationAppUITests" */ = {
			isa = XCConfigurationList;
			buildConfigurations = (
				4DD3E685287B9C3800A0BD5F /* Debug */,
				4DD3E686287B9C3800A0BD5F /* Release */,
			);
			defaultConfigurationIsVisible = 0;
			defaultConfigurationName = Release;
		};
/* End XCConfigurationList section */
	};
	rootObject = 4DD3E64C287B9C3500A0BD5F /* Project object */;
}
