// !$*UTF8*$!
{
	archiveVersion = 1;
	classes = {
	};
	objectVersion = 55;
	objects = {

/* Begin PBXBuildFile section */
		4DCE7279285D60BC004667B4 /* AppDelegate.swift in Sources */ = {isa = PBXBuildFile; fileRef = 4DCE7278285D60BC004667B4 /* AppDelegate.swift */; };
		4DCE727B285D60BC004667B4 /* SceneDelegate.swift in Sources */ = {isa = PBXBuildFile; fileRef = 4DCE727A285D60BC004667B4 /* SceneDelegate.swift */; };
		4DCE727D285D60BC004667B4 /* ViewController.swift in Sources */ = {isa = PBXBuildFile; fileRef = 4DCE727C285D60BC004667B4 /* ViewController.swift */; };
		4DCE7280285D60BC004667B4 /* Main.storyboard in Resources */ = {isa = PBXBuildFile; fileRef = 4DCE727E285D60BC004667B4 /* Main.storyboard */; };
		4DCE7282285D60BD004667B4 /* Assets.xcassets in Resources */ = {isa = PBXBuildFile; fileRef = 4DCE7281285D60BD004667B4 /* Assets.xcassets */; };
		4DCE7285285D60BD004667B4 /* LaunchScreen.storyboard in Resources */ = {isa = PBXBuildFile; fileRef = 4DCE7283285D60BD004667B4 /* LaunchScreen.storyboard */; };
		4DCE7290285D60BE004667B4 /* TableViewCellVisualAppTests.swift in Sources */ = {isa = PBXBuildFile; fileRef = 4DCE728F285D60BE004667B4 /* TableViewCellVisualAppTests.swift */; };
		4DCE729A285D60BE004667B4 /* TableViewCellVisualAppUITests.swift in Sources */ = {isa = PBXBuildFile; fileRef = 4DCE7299285D60BE004667B4 /* TableViewCellVisualAppUITests.swift */; };
		4DCE729C285D60BE004667B4 /* TableViewCellVisualAppUITestsLaunchTests.swift in Sources */ = {isa = PBXBuildFile; fileRef = 4DCE729B285D60BE004667B4 /* TableViewCellVisualAppUITestsLaunchTests.swift */; };
		4DCE72A9285D64D1004667B4 /* TableViewCell.swift in Sources */ = {isa = PBXBuildFile; fileRef = 4DCE72A8285D64D1004667B4 /* TableViewCell.swift */; };
		4DCE72AB285D6816004667B4 /* photobooth.png in Resources */ = {isa = PBXBuildFile; fileRef = 4DCE72AA285D6816004667B4 /* photobooth.png */; };
/* End PBXBuildFile section */

/* Begin PBXContainerItemProxy section */
		4DCE728C285D60BE004667B4 /* PBXContainerItemProxy */ = {
			isa = PBXContainerItemProxy;
			containerPortal = 4DCE726D285D60BB004667B4 /* Project object */;
			proxyType = 1;
			remoteGlobalIDString = 4DCE7274285D60BC004667B4;
			remoteInfo = TableViewCellVisualApp;
		};
		4DCE7296285D60BE004667B4 /* PBXContainerItemProxy */ = {
			isa = PBXContainerItemProxy;
			containerPortal = 4DCE726D285D60BB004667B4 /* Project object */;
			proxyType = 1;
			remoteGlobalIDString = 4DCE7274285D60BC004667B4;
			remoteInfo = TableViewCellVisualApp;
		};
/* End PBXContainerItemProxy section */

/* Begin PBXFileReference section */
		4DCE7275285D60BC004667B4 /* TableViewCellVisualApp.app */ = {isa = PBXFileReference; explicitFileType = wrapper.application; includeInIndex = 0; path = TableViewCellVisualApp.app; sourceTree = BUILT_PRODUCTS_DIR; };
		4DCE7278285D60BC004667B4 /* AppDelegate.swift */ = {isa = PBXFileReference; lastKnownFileType = sourcecode.swift; path = AppDelegate.swift; sourceTree = "<group>"; };
		4DCE727A285D60BC004667B4 /* SceneDelegate.swift */ = {isa = PBXFileReference; lastKnownFileType = sourcecode.swift; path = SceneDelegate.swift; sourceTree = "<group>"; };
		4DCE727C285D60BC004667B4 /* ViewController.swift */ = {isa = PBXFileReference; lastKnownFileType = sourcecode.swift; path = ViewController.swift; sourceTree = "<group>"; };
		4DCE727F285D60BC004667B4 /* Base */ = {isa = PBXFileReference; lastKnownFileType = file.storyboard; name = Base; path = Base.lproj/Main.storyboard; sourceTree = "<group>"; };
		4DCE7281285D60BD004667B4 /* Assets.xcassets */ = {isa = PBXFileReference; lastKnownFileType = folder.assetcatalog; path = Assets.xcassets; sourceTree = "<group>"; };
		4DCE7284285D60BD004667B4 /* Base */ = {isa = PBXFileReference; lastKnownFileType = file.storyboard; name = Base; path = Base.lproj/LaunchScreen.storyboard; sourceTree = "<group>"; };
		4DCE7286285D60BD004667B4 /* Info.plist */ = {isa = PBXFileReference; lastKnownFileType = text.plist.xml; path = Info.plist; sourceTree = "<group>"; };
		4DCE728B285D60BE004667B4 /* TableViewCellVisualAppTests.xctest */ = {isa = PBXFileReference; explicitFileType = wrapper.cfbundle; includeInIndex = 0; path = TableViewCellVisualAppTests.xctest; sourceTree = BUILT_PRODUCTS_DIR; };
		4DCE728F285D60BE004667B4 /* TableViewCellVisualAppTests.swift */ = {isa = PBXFileReference; lastKnownFileType = sourcecode.swift; path = TableViewCellVisualAppTests.swift; sourceTree = "<group>"; };
		4DCE7295285D60BE004667B4 /* TableViewCellVisualAppUITests.xctest */ = {isa = PBXFileReference; explicitFileType = wrapper.cfbundle; includeInIndex = 0; path = TableViewCellVisualAppUITests.xctest; sourceTree = BUILT_PRODUCTS_DIR; };
		4DCE7299285D60BE004667B4 /* TableViewCellVisualAppUITests.swift */ = {isa = PBXFileReference; lastKnownFileType = sourcecode.swift; path = TableViewCellVisualAppUITests.swift; sourceTree = "<group>"; };
		4DCE729B285D60BE004667B4 /* TableViewCellVisualAppUITestsLaunchTests.swift */ = {isa = PBXFileReference; lastKnownFileType = sourcecode.swift; path = TableViewCellVisualAppUITestsLaunchTests.swift; sourceTree = "<group>"; };
		4DCE72A8285D64D1004667B4 /* TableViewCell.swift */ = {isa = PBXFileReference; lastKnownFileType = sourcecode.swift; path = TableViewCell.swift; sourceTree = "<group>"; };
		4DCE72AA285D6816004667B4 /* photobooth.png */ = {isa = PBXFileReference; lastKnownFileType = image.png; path = photobooth.png; sourceTree = "<group>"; };
/* End PBXFileReference section */

/* Begin PBXFrameworksBuildPhase section */
		4DCE7272285D60BC004667B4 /* Frameworks */ = {
			isa = PBXFrameworksBuildPhase;
			buildActionMask = 2147483647;
			files = (
			);
			runOnlyForDeploymentPostprocessing = 0;
		};
		4DCE7288285D60BE004667B4 /* Frameworks */ = {
			isa = PBXFrameworksBuildPhase;
			buildActionMask = 2147483647;
			files = (
			);
			runOnlyForDeploymentPostprocessing = 0;
		};
		4DCE7292285D60BE004667B4 /* Frameworks */ = {
			isa = PBXFrameworksBuildPhase;
			buildActionMask = 2147483647;
			files = (
			);
			runOnlyForDeploymentPostprocessing = 0;
		};
/* End PBXFrameworksBuildPhase section */

/* Begin PBXGroup section */
		4DCE726C285D60BB004667B4 = {
			isa = PBXGroup;
			children = (
				4DCE7277285D60BC004667B4 /* TableViewCellVisualApp */,
				4DCE728E285D60BE004667B4 /* TableViewCellVisualAppTests */,
				4DCE7298285D60BE004667B4 /* TableViewCellVisualAppUITests */,
				4DCE7276285D60BC004667B4 /* Products */,
			);
			sourceTree = "<group>";
		};
		4DCE7276285D60BC004667B4 /* Products */ = {
			isa = PBXGroup;
			children = (
				4DCE7275285D60BC004667B4 /* TableViewCellVisualApp.app */,
				4DCE728B285D60BE004667B4 /* TableViewCellVisualAppTests.xctest */,
				4DCE7295285D60BE004667B4 /* TableViewCellVisualAppUITests.xctest */,
			);
			name = Products;
			sourceTree = "<group>";
		};
		4DCE7277285D60BC004667B4 /* TableViewCellVisualApp */ = {
			isa = PBXGroup;
			children = (
				4DCE7278285D60BC004667B4 /* AppDelegate.swift */,
				4DCE727A285D60BC004667B4 /* SceneDelegate.swift */,
				4DCE727C285D60BC004667B4 /* ViewController.swift */,
				4DCE727E285D60BC004667B4 /* Main.storyboard */,
				4DCE72A8285D64D1004667B4 /* TableViewCell.swift */,
				4DCE72AA285D6816004667B4 /* photobooth.png */,
				4DCE7281285D60BD004667B4 /* Assets.xcassets */,
				4DCE7283285D60BD004667B4 /* LaunchScreen.storyboard */,
				4DCE7286285D60BD004667B4 /* Info.plist */,
			);
			path = TableViewCellVisualApp;
			sourceTree = "<group>";
		};
		4DCE728E285D60BE004667B4 /* TableViewCellVisualAppTests */ = {
			isa = PBXGroup;
			children = (
				4DCE728F285D60BE004667B4 /* TableViewCellVisualAppTests.swift */,
			);
			path = TableViewCellVisualAppTests;
			sourceTree = "<group>";
		};
		4DCE7298285D60BE004667B4 /* TableViewCellVisualAppUITests */ = {
			isa = PBXGroup;
			children = (
				4DCE7299285D60BE004667B4 /* TableViewCellVisualAppUITests.swift */,
				4DCE729B285D60BE004667B4 /* TableViewCellVisualAppUITestsLaunchTests.swift */,
			);
			path = TableViewCellVisualAppUITests;
			sourceTree = "<group>";
		};
/* End PBXGroup section */

/* Begin PBXNativeTarget section */
		4DCE7274285D60BC004667B4 /* TableViewCellVisualApp */ = {
			isa = PBXNativeTarget;
			buildConfigurationList = 4DCE729F285D60BE004667B4 /* Build configuration list for PBXNativeTarget "TableViewCellVisualApp" */;
			buildPhases = (
				4DCE7271285D60BC004667B4 /* Sources */,
				4DCE7272285D60BC004667B4 /* Frameworks */,
				4DCE7273285D60BC004667B4 /* Resources */,
			);
			buildRules = (
			);
			dependencies = (
			);
			name = TableViewCellVisualApp;
			productName = TableViewCellVisualApp;
			productReference = 4DCE7275285D60BC004667B4 /* TableViewCellVisualApp.app */;
			productType = "com.apple.product-type.application";
		};
		4DCE728A285D60BE004667B4 /* TableViewCellVisualAppTests */ = {
			isa = PBXNativeTarget;
			buildConfigurationList = 4DCE72A2285D60BE004667B4 /* Build configuration list for PBXNativeTarget "TableViewCellVisualAppTests" */;
			buildPhases = (
				4DCE7287285D60BE004667B4 /* Sources */,
				4DCE7288285D60BE004667B4 /* Frameworks */,
				4DCE7289285D60BE004667B4 /* Resources */,
			);
			buildRules = (
			);
			dependencies = (
				4DCE728D285D60BE004667B4 /* PBXTargetDependency */,
			);
			name = TableViewCellVisualAppTests;
			productName = TableViewCellVisualAppTests;
			productReference = 4DCE728B285D60BE004667B4 /* TableViewCellVisualAppTests.xctest */;
			productType = "com.apple.product-type.bundle.unit-test";
		};
		4DCE7294285D60BE004667B4 /* TableViewCellVisualAppUITests */ = {
			isa = PBXNativeTarget;
			buildConfigurationList = 4DCE72A5285D60BE004667B4 /* Build configuration list for PBXNativeTarget "TableViewCellVisualAppUITests" */;
			buildPhases = (
				4DCE7291285D60BE004667B4 /* Sources */,
				4DCE7292285D60BE004667B4 /* Frameworks */,
				4DCE7293285D60BE004667B4 /* Resources */,
			);
			buildRules = (
			);
			dependencies = (
				4DCE7297285D60BE004667B4 /* PBXTargetDependency */,
			);
			name = TableViewCellVisualAppUITests;
			productName = TableViewCellVisualAppUITests;
			productReference = 4DCE7295285D60BE004667B4 /* TableViewCellVisualAppUITests.xctest */;
			productType = "com.apple.product-type.bundle.ui-testing";
		};
/* End PBXNativeTarget section */

/* Begin PBXProject section */
		4DCE726D285D60BB004667B4 /* Project object */ = {
			isa = PBXProject;
			attributes = {
				BuildIndependentTargetsInParallel = 1;
				LastSwiftUpdateCheck = 1340;
				LastUpgradeCheck = 1340;
				TargetAttributes = {
					4DCE7274285D60BC004667B4 = {
						CreatedOnToolsVersion = 13.4.1;
					};
					4DCE728A285D60BE004667B4 = {
						CreatedOnToolsVersion = 13.4.1;
						TestTargetID = 4DCE7274285D60BC004667B4;
					};
					4DCE7294285D60BE004667B4 = {
						CreatedOnToolsVersion = 13.4.1;
						TestTargetID = 4DCE7274285D60BC004667B4;
					};
				};
			};
			buildConfigurationList = 4DCE7270285D60BB004667B4 /* Build configuration list for PBXProject "TableViewCellVisualApp" */;
			compatibilityVersion = "Xcode 13.0";
			developmentRegion = en;
			hasScannedForEncodings = 0;
			knownRegions = (
				en,
				Base,
			);
			mainGroup = 4DCE726C285D60BB004667B4;
			productRefGroup = 4DCE7276285D60BC004667B4 /* Products */;
			projectDirPath = "";
			projectRoot = "";
			targets = (
				4DCE7274285D60BC004667B4 /* TableViewCellVisualApp */,
				4DCE728A285D60BE004667B4 /* TableViewCellVisualAppTests */,
				4DCE7294285D60BE004667B4 /* TableViewCellVisualAppUITests */,
			);
		};
/* End PBXProject section */

/* Begin PBXResourcesBuildPhase section */
		4DCE7273285D60BC004667B4 /* Resources */ = {
			isa = PBXResourcesBuildPhase;
			buildActionMask = 2147483647;
			files = (
				4DCE7285285D60BD004667B4 /* LaunchScreen.storyboard in Resources */,
				4DCE7282285D60BD004667B4 /* Assets.xcassets in Resources */,
				4DCE7280285D60BC004667B4 /* Main.storyboard in Resources */,
				4DCE72AB285D6816004667B4 /* photobooth.png in Resources */,
			);
			runOnlyForDeploymentPostprocessing = 0;
		};
		4DCE7289285D60BE004667B4 /* Resources */ = {
			isa = PBXResourcesBuildPhase;
			buildActionMask = 2147483647;
			files = (
			);
			runOnlyForDeploymentPostprocessing = 0;
		};
		4DCE7293285D60BE004667B4 /* Resources */ = {
			isa = PBXResourcesBuildPhase;
			buildActionMask = 2147483647;
			files = (
			);
			runOnlyForDeploymentPostprocessing = 0;
		};
/* End PBXResourcesBuildPhase section */

/* Begin PBXSourcesBuildPhase section */
		4DCE7271285D60BC004667B4 /* Sources */ = {
			isa = PBXSourcesBuildPhase;
			buildActionMask = 2147483647;
			files = (
				4DCE727D285D60BC004667B4 /* ViewController.swift in Sources */,
				4DCE72A9285D64D1004667B4 /* TableViewCell.swift in Sources */,
				4DCE7279285D60BC004667B4 /* AppDelegate.swift in Sources */,
				4DCE727B285D60BC004667B4 /* SceneDelegate.swift in Sources */,
			);
			runOnlyForDeploymentPostprocessing = 0;
		};
		4DCE7287285D60BE004667B4 /* Sources */ = {
			isa = PBXSourcesBuildPhase;
			buildActionMask = 2147483647;
			files = (
				4DCE7290285D60BE004667B4 /* TableViewCellVisualAppTests.swift in Sources */,
			);
			runOnlyForDeploymentPostprocessing = 0;
		};
		4DCE7291285D60BE004667B4 /* Sources */ = {
			isa = PBXSourcesBuildPhase;
			buildActionMask = 2147483647;
			files = (
				4DCE729C285D60BE004667B4 /* TableViewCellVisualAppUITestsLaunchTests.swift in Sources */,
				4DCE729A285D60BE004667B4 /* TableViewCellVisualAppUITests.swift in Sources */,
			);
			runOnlyForDeploymentPostprocessing = 0;
		};
/* End PBXSourcesBuildPhase section */

/* Begin PBXTargetDependency section */
		4DCE728D285D60BE004667B4 /* PBXTargetDependency */ = {
			isa = PBXTargetDependency;
			target = 4DCE7274285D60BC004667B4 /* TableViewCellVisualApp */;
			targetProxy = 4DCE728C285D60BE004667B4 /* PBXContainerItemProxy */;
		};
		4DCE7297285D60BE004667B4 /* PBXTargetDependency */ = {
			isa = PBXTargetDependency;
			target = 4DCE7274285D60BC004667B4 /* TableViewCellVisualApp */;
			targetProxy = 4DCE7296285D60BE004667B4 /* PBXContainerItemProxy */;
		};
/* End PBXTargetDependency section */

/* Begin PBXVariantGroup section */
		4DCE727E285D60BC004667B4 /* Main.storyboard */ = {
			isa = PBXVariantGroup;
			children = (
				4DCE727F285D60BC004667B4 /* Base */,
			);
			name = Main.storyboard;
			sourceTree = "<group>";
		};
		4DCE7283285D60BD004667B4 /* LaunchScreen.storyboard */ = {
			isa = PBXVariantGroup;
			children = (
				4DCE7284285D60BD004667B4 /* Base */,
			);
			name = LaunchScreen.storyboard;
			sourceTree = "<group>";
		};
/* End PBXVariantGroup section */

/* Begin XCBuildConfiguration section */
		4DCE729D285D60BE004667B4 /* Debug */ = {
			isa = XCBuildConfiguration;
			buildSettings = {
				ALWAYS_SEARCH_USER_PATHS = NO;
				CLANG_ANALYZER_NONNULL = YES;
				CLANG_ANALYZER_NUMBER_OBJECT_CONVERSION = YES_AGGRESSIVE;
				CLANG_CXX_LANGUAGE_STANDARD = "gnu++17";
				CLANG_ENABLE_MODULES = YES;
				CLANG_ENABLE_OBJC_ARC = YES;
				CLANG_ENABLE_OBJC_WEAK = YES;
				CLANG_WARN_BLOCK_CAPTURE_AUTORELEASING = YES;
				CLANG_WARN_BOOL_CONVERSION = YES;
				CLANG_WARN_COMMA = YES;
				CLANG_WARN_CONSTANT_CONVERSION = YES;
				CLANG_WARN_DEPRECATED_OBJC_IMPLEMENTATIONS = YES;
				CLANG_WARN_DIRECT_OBJC_ISA_USAGE = YES_ERROR;
				CLANG_WARN_DOCUMENTATION_COMMENTS = YES;
				CLANG_WARN_EMPTY_BODY = YES;
				CLANG_WARN_ENUM_CONVERSION = YES;
				CLANG_WARN_INFINITE_RECURSION = YES;
				CLANG_WARN_INT_CONVERSION = YES;
				CLANG_WARN_NON_LITERAL_NULL_CONVERSION = YES;
				CLANG_WARN_OBJC_IMPLICIT_RETAIN_SELF = YES;
				CLANG_WARN_OBJC_LITERAL_CONVERSION = YES;
				CLANG_WARN_OBJC_ROOT_CLASS = YES_ERROR;
				CLANG_WARN_QUOTED_INCLUDE_IN_FRAMEWORK_HEADER = YES;
				CLANG_WARN_RANGE_LOOP_ANALYSIS = YES;
				CLANG_WARN_STRICT_PROTOTYPES = YES;
				CLANG_WARN_SUSPICIOUS_MOVE = YES;
				CLANG_WARN_UNGUARDED_AVAILABILITY = YES_AGGRESSIVE;
				CLANG_WARN_UNREACHABLE_CODE = YES;
				CLANG_WARN__DUPLICATE_METHOD_MATCH = YES;
				COPY_PHASE_STRIP = NO;
				DEBUG_INFORMATION_FORMAT = dwarf;
				ENABLE_STRICT_OBJC_MSGSEND = YES;
				ENABLE_TESTABILITY = YES;
				GCC_C_LANGUAGE_STANDARD = gnu11;
				GCC_DYNAMIC_NO_PIC = NO;
				GCC_NO_COMMON_BLOCKS = YES;
				GCC_OPTIMIZATION_LEVEL = 0;
				GCC_PREPROCESSOR_DEFINITIONS = (
					"DEBUG=1",
					"$(inherited)",
				);
				GCC_WARN_64_TO_32_BIT_CONVERSION = YES;
				GCC_WARN_ABOUT_RETURN_TYPE = YES_ERROR;
				GCC_WARN_UNDECLARED_SELECTOR = YES;
				GCC_WARN_UNINITIALIZED_AUTOS = YES_AGGRESSIVE;
				GCC_WARN_UNUSED_FUNCTION = YES;
				GCC_WARN_UNUSED_VARIABLE = YES;
				IPHONEOS_DEPLOYMENT_TARGET = 15.5;
				MTL_ENABLE_DEBUG_INFO = INCLUDE_SOURCE;
				MTL_FAST_MATH = YES;
				ONLY_ACTIVE_ARCH = YES;
				SDKROOT = iphoneos;
				SWIFT_ACTIVE_COMPILATION_CONDITIONS = DEBUG;
				SWIFT_OPTIMIZATION_LEVEL = "-Onone";
			};
			name = Debug;
		};
		4DCE729E285D60BE004667B4 /* Release */ = {
			isa = XCBuildConfiguration;
			buildSettings = {
				ALWAYS_SEARCH_USER_PATHS = NO;
				CLANG_ANALYZER_NONNULL = YES;
				CLANG_ANALYZER_NUMBER_OBJECT_CONVERSION = YES_AGGRESSIVE;
				CLANG_CXX_LANGUAGE_STANDARD = "gnu++17";
				CLANG_ENABLE_MODULES = YES;
				CLANG_ENABLE_OBJC_ARC = YES;
				CLANG_ENABLE_OBJC_WEAK = YES;
				CLANG_WARN_BLOCK_CAPTURE_AUTORELEASING = YES;
				CLANG_WARN_BOOL_CONVERSION = YES;
				CLANG_WARN_COMMA = YES;
				CLANG_WARN_CONSTANT_CONVERSION = YES;
				CLANG_WARN_DEPRECATED_OBJC_IMPLEMENTATIONS = YES;
				CLANG_WARN_DIRECT_OBJC_ISA_USAGE = YES_ERROR;
				CLANG_WARN_DOCUMENTATION_COMMENTS = YES;
				CLANG_WARN_EMPTY_BODY = YES;
				CLANG_WARN_ENUM_CONVERSION = YES;
				CLANG_WARN_INFINITE_RECURSION = YES;
				CLANG_WARN_INT_CONVERSION = YES;
				CLANG_WARN_NON_LITERAL_NULL_CONVERSION = YES;
				CLANG_WARN_OBJC_IMPLICIT_RETAIN_SELF = YES;
				CLANG_WARN_OBJC_LITERAL_CONVERSION = YES;
				CLANG_WARN_OBJC_ROOT_CLASS = YES_ERROR;
				CLANG_WARN_QUOTED_INCLUDE_IN_FRAMEWORK_HEADER = YES;
				CLANG_WARN_RANGE_LOOP_ANALYSIS = YES;
				CLANG_WARN_STRICT_PROTOTYPES = YES;
				CLANG_WARN_SUSPICIOUS_MOVE = YES;
				CLANG_WARN_UNGUARDED_AVAILABILITY = YES_AGGRESSIVE;
				CLANG_WARN_UNREACHABLE_CODE = YES;
				CLANG_WARN__DUPLICATE_METHOD_MATCH = YES;
				COPY_PHASE_STRIP = NO;
				DEBUG_INFORMATION_FORMAT = "dwarf-with-dsym";
				ENABLE_NS_ASSERTIONS = NO;
				ENABLE_STRICT_OBJC_MSGSEND = YES;
				GCC_C_LANGUAGE_STANDARD = gnu11;
				GCC_NO_COMMON_BLOCKS = YES;
				GCC_WARN_64_TO_32_BIT_CONVERSION = YES;
				GCC_WARN_ABOUT_RETURN_TYPE = YES_ERROR;
				GCC_WARN_UNDECLARED_SELECTOR = YES;
				GCC_WARN_UNINITIALIZED_AUTOS = YES_AGGRESSIVE;
				GCC_WARN_UNUSED_FUNCTION = YES;
				GCC_WARN_UNUSED_VARIABLE = YES;
				IPHONEOS_DEPLOYMENT_TARGET = 15.5;
				MTL_ENABLE_DEBUG_INFO = NO;
				MTL_FAST_MATH = YES;
				SDKROOT = iphoneos;
				SWIFT_COMPILATION_MODE = wholemodule;
				SWIFT_OPTIMIZATION_LEVEL = "-O";
				VALIDATE_PRODUCT = YES;
			};
			name = Release;
		};
		4DCE72A0285D60BE004667B4 /* Debug */ = {
			isa = XCBuildConfiguration;
			buildSettings = {
				ASSETCATALOG_COMPILER_APPICON_NAME = AppIcon;
				ASSETCATALOG_COMPILER_GLOBAL_ACCENT_COLOR_NAME = AccentColor;
				CODE_SIGN_STYLE = Automatic;
				CURRENT_PROJECT_VERSION = 1;
				DEVELOPMENT_TEAM = L8RMCCPV5X;
				GENERATE_INFOPLIST_FILE = YES;
				INFOPLIST_FILE = TableViewCellVisualApp/Info.plist;
				INFOPLIST_KEY_UIApplicationSupportsIndirectInputEvents = YES;
				INFOPLIST_KEY_UILaunchStoryboardName = LaunchScreen;
				INFOPLIST_KEY_UIMainStoryboardFile = Main;
				INFOPLIST_KEY_UISupportedInterfaceOrientations_iPad = "UIInterfaceOrientationPortrait UIInterfaceOrientationPortraitUpsideDown UIInterfaceOrientationLandscapeLeft UIInterfaceOrientationLandscapeRight";
				INFOPLIST_KEY_UISupportedInterfaceOrientations_iPhone = "UIInterfaceOrientationPortrait UIInterfaceOrientationLandscapeLeft UIInterfaceOrientationLandscapeRight";
				LD_RUNPATH_SEARCH_PATHS = (
					"$(inherited)",
					"@executable_path/Frameworks",
				);
				MARKETING_VERSION = 1.0;
				PRODUCT_BUNDLE_IDENTIFIER = compsci.TableViewCellVisualApp;
				PRODUCT_NAME = "$(TARGET_NAME)";
				SWIFT_EMIT_LOC_STRINGS = YES;
				SWIFT_VERSION = 5.0;
				TARGETED_DEVICE_FAMILY = "1,2";
			};
			name = Debug;
		};
		4DCE72A1285D60BE004667B4 /* Release */ = {
			isa = XCBuildConfiguration;
			buildSettings = {
				ASSETCATALOG_COMPILER_APPICON_NAME = AppIcon;
				ASSETCATALOG_COMPILER_GLOBAL_ACCENT_COLOR_NAME = AccentColor;
				CODE_SIGN_STYLE = Automatic;
				CURRENT_PROJECT_VERSION = 1;
				DEVELOPMENT_TEAM = L8RMCCPV5X;
				GENERATE_INFOPLIST_FILE = YES;
				INFOPLIST_FILE = TableViewCellVisualApp/Info.plist;
				INFOPLIST_KEY_UIApplicationSupportsIndirectInputEvents = YES;
				INFOPLIST_KEY_UILaunchStoryboardName = LaunchScreen;
				INFOPLIST_KEY_UIMainStoryboardFile = Main;
				INFOPLIST_KEY_UISupportedInterfaceOrientations_iPad = "UIInterfaceOrientationPortrait UIInterfaceOrientationPortraitUpsideDown UIInterfaceOrientationLandscapeLeft UIInterfaceOrientationLandscapeRight";
				INFOPLIST_KEY_UISupportedInterfaceOrientations_iPhone = "UIInterfaceOrientationPortrait UIInterfaceOrientationLandscapeLeft UIInterfaceOrientationLandscapeRight";
				LD_RUNPATH_SEARCH_PATHS = (
					"$(inherited)",
					"@executable_path/Frameworks",
				);
				MARKETING_VERSION = 1.0;
				PRODUCT_BUNDLE_IDENTIFIER = compsci.TableViewCellVisualApp;
				PRODUCT_NAME = "$(TARGET_NAME)";
				SWIFT_EMIT_LOC_STRINGS = YES;
				SWIFT_VERSION = 5.0;
				TARGETED_DEVICE_FAMILY = "1,2";
			};
			name = Release;
		};
		4DCE72A3285D60BE004667B4 /* Debug */ = {
			isa = XCBuildConfiguration;
			buildSettings = {
				ALWAYS_EMBED_SWIFT_STANDARD_LIBRARIES = YES;
				BUNDLE_LOADER = "$(TEST_HOST)";
				CODE_SIGN_STYLE = Automatic;
				CURRENT_PROJECT_VERSION = 1;
				DEVELOPMENT_TEAM = L8RMCCPV5X;
				GENERATE_INFOPLIST_FILE = YES;
				IPHONEOS_DEPLOYMENT_TARGET = 15.5;
				MARKETING_VERSION = 1.0;
				PRODUCT_BUNDLE_IDENTIFIER = compsci.TableViewCellVisualAppTests;
				PRODUCT_NAME = "$(TARGET_NAME)";
				SWIFT_EMIT_LOC_STRINGS = NO;
				SWIFT_VERSION = 5.0;
				TARGETED_DEVICE_FAMILY = "1,2";
				TEST_HOST = "$(BUILT_PRODUCTS_DIR)/TableViewCellVisualApp.app/TableViewCellVisualApp";
			};
			name = Debug;
		};
		4DCE72A4285D60BE004667B4 /* Release */ = {
			isa = XCBuildConfiguration;
			buildSettings = {
				ALWAYS_EMBED_SWIFT_STANDARD_LIBRARIES = YES;
				BUNDLE_LOADER = "$(TEST_HOST)";
				CODE_SIGN_STYLE = Automatic;
				CURRENT_PROJECT_VERSION = 1;
				DEVELOPMENT_TEAM = L8RMCCPV5X;
				GENERATE_INFOPLIST_FILE = YES;
				IPHONEOS_DEPLOYMENT_TARGET = 15.5;
				MARKETING_VERSION = 1.0;
				PRODUCT_BUNDLE_IDENTIFIER = compsci.TableViewCellVisualAppTests;
				PRODUCT_NAME = "$(TARGET_NAME)";
				SWIFT_EMIT_LOC_STRINGS = NO;
				SWIFT_VERSION = 5.0;
				TARGETED_DEVICE_FAMILY = "1,2";
				TEST_HOST = "$(BUILT_PRODUCTS_DIR)/TableViewCellVisualApp.app/TableViewCellVisualApp";
			};
			name = Release;
		};
		4DCE72A6285D60BE004667B4 /* Debug */ = {
			isa = XCBuildConfiguration;
			buildSettings = {
				ALWAYS_EMBED_SWIFT_STANDARD_LIBRARIES = YES;
				CODE_SIGN_STYLE = Automatic;
				CURRENT_PROJECT_VERSION = 1;
				DEVELOPMENT_TEAM = L8RMCCPV5X;
				GENERATE_INFOPLIST_FILE = YES;
				MARKETING_VERSION = 1.0;
				PRODUCT_BUNDLE_IDENTIFIER = compsci.TableViewCellVisualAppUITests;
				PRODUCT_NAME = "$(TARGET_NAME)";
				SWIFT_EMIT_LOC_STRINGS = NO;
				SWIFT_VERSION = 5.0;
				TARGETED_DEVICE_FAMILY = "1,2";
				TEST_TARGET_NAME = TableViewCellVisualApp;
			};
			name = Debug;
		};
		4DCE72A7285D60BE004667B4 /* Release */ = {
			isa = XCBuildConfiguration;
			buildSettings = {
				ALWAYS_EMBED_SWIFT_STANDARD_LIBRARIES = YES;
				CODE_SIGN_STYLE = Automatic;
				CURRENT_PROJECT_VERSION = 1;
				DEVELOPMENT_TEAM = L8RMCCPV5X;
				GENERATE_INFOPLIST_FILE = YES;
				MARKETING_VERSION = 1.0;
				PRODUCT_BUNDLE_IDENTIFIER = compsci.TableViewCellVisualAppUITests;
				PRODUCT_NAME = "$(TARGET_NAME)";
				SWIFT_EMIT_LOC_STRINGS = NO;
				SWIFT_VERSION = 5.0;
				TARGETED_DEVICE_FAMILY = "1,2";
				TEST_TARGET_NAME = TableViewCellVisualApp;
			};
			name = Release;
		};
/* End XCBuildConfiguration section */

/* Begin XCConfigurationList section */
		4DCE7270285D60BB004667B4 /* Build configuration list for PBXProject "TableViewCellVisualApp" */ = {
			isa = XCConfigurationList;
			buildConfigurations = (
				4DCE729D285D60BE004667B4 /* Debug */,
				4DCE729E285D60BE004667B4 /* Release */,
			);
			defaultConfigurationIsVisible = 0;
			defaultConfigurationName = Release;
		};
		4DCE729F285D60BE004667B4 /* Build configuration list for PBXNativeTarget "TableViewCellVisualApp" */ = {
			isa = XCConfigurationList;
			buildConfigurations = (
				4DCE72A0285D60BE004667B4 /* Debug */,
				4DCE72A1285D60BE004667B4 /* Release */,
			);
			defaultConfigurationIsVisible = 0;
			defaultConfigurationName = Release;
		};
		4DCE72A2285D60BE004667B4 /* Build configuration list for PBXNativeTarget "TableViewCellVisualAppTests" */ = {
			isa = XCConfigurationList;
			buildConfigurations = (
				4DCE72A3285D60BE004667B4 /* Debug */,
				4DCE72A4285D60BE004667B4 /* Release */,
			);
			defaultConfigurationIsVisible = 0;
			defaultConfigurationName = Release;
		};
		4DCE72A5285D60BE004667B4 /* Build configuration list for PBXNativeTarget "TableViewCellVisualAppUITests" */ = {
			isa = XCConfigurationList;
			buildConfigurations = (
				4DCE72A6285D60BE004667B4 /* Debug */,
				4DCE72A7285D60BE004667B4 /* Release */,
			);
			defaultConfigurationIsVisible = 0;
			defaultConfigurationName = Release;
		};
/* End XCConfigurationList section */
	};
	rootObject = 4DCE726D285D60BB004667B4 /* Project object */;
}
