// !$*UTF8*$!
{
	archiveVersion = 1;
	classes = {
	};
	objectVersion = 55;
	objects = {

/* Begin PBXBuildFile section */
		4DED79F928539F4000B0D02E /* AppDelegate.swift in Sources */ = {isa = PBXBuildFile; fileRef = 4DED79F828539F4000B0D02E /* AppDelegate.swift */; };
		4DED79FB28539F4000B0D02E /* SceneDelegate.swift in Sources */ = {isa = PBXBuildFile; fileRef = 4DED79FA28539F4000B0D02E /* SceneDelegate.swift */; };
		4DED79FD28539F4000B0D02E /* ViewController.swift in Sources */ = {isa = PBXBuildFile; fileRef = 4DED79FC28539F4000B0D02E /* ViewController.swift */; };
		4DED7A0028539F4000B0D02E /* Main.storyboard in Resources */ = {isa = PBXBuildFile; fileRef = 4DED79FE28539F4000B0D02E /* Main.storyboard */; };
		4DED7A0228539F4500B0D02E /* Assets.xcassets in Resources */ = {isa = PBXBuildFile; fileRef = 4DED7A0128539F4500B0D02E /* Assets.xcassets */; };
		4DED7A0528539F4500B0D02E /* LaunchScreen.storyboard in Resources */ = {isa = PBXBuildFile; fileRef = 4DED7A0328539F4500B0D02E /* LaunchScreen.storyboard */; };
		4DED7A1028539F4500B0D02E /* ImageViewAppTests.swift in Sources */ = {isa = PBXBuildFile; fileRef = 4DED7A0F28539F4500B0D02E /* ImageViewAppTests.swift */; };
		4DED7A1A28539F4500B0D02E /* ImageViewAppUITests.swift in Sources */ = {isa = PBXBuildFile; fileRef = 4DED7A1928539F4500B0D02E /* ImageViewAppUITests.swift */; };
		4DED7A1C28539F4500B0D02E /* ImageViewAppUITestsLaunchTests.swift in Sources */ = {isa = PBXBuildFile; fileRef = 4DED7A1B28539F4500B0D02E /* ImageViewAppUITestsLaunchTests.swift */; };
		4DED7A2928539FA600B0D02E /* photobooth.png in Resources */ = {isa = PBXBuildFile; fileRef = 4DED7A2828539FA600B0D02E /* photobooth.png */; };
/* End PBXBuildFile section */

/* Begin PBXContainerItemProxy section */
		4DED7A0C28539F4500B0D02E /* PBXContainerItemProxy */ = {
			isa = PBXContainerItemProxy;
			containerPortal = 4DED79ED28539F3F00B0D02E /* Project object */;
			proxyType = 1;
			remoteGlobalIDString = 4DED79F428539F4000B0D02E;
			remoteInfo = ImageViewApp;
		};
		4DED7A1628539F4500B0D02E /* PBXContainerItemProxy */ = {
			isa = PBXContainerItemProxy;
			containerPortal = 4DED79ED28539F3F00B0D02E /* Project object */;
			proxyType = 1;
			remoteGlobalIDString = 4DED79F428539F4000B0D02E;
			remoteInfo = ImageViewApp;
		};
/* End PBXContainerItemProxy section */

/* Begin PBXFileReference section */
		4DED79F528539F4000B0D02E /* ImageViewApp.app */ = {isa = PBXFileReference; explicitFileType = wrapper.application; includeInIndex = 0; path = ImageViewApp.app; sourceTree = BUILT_PRODUCTS_DIR; };
		4DED79F828539F4000B0D02E /* AppDelegate.swift */ = {isa = PBXFileReference; lastKnownFileType = sourcecode.swift; path = AppDelegate.swift; sourceTree = "<group>"; };
		4DED79FA28539F4000B0D02E /* SceneDelegate.swift */ = {isa = PBXFileReference; lastKnownFileType = sourcecode.swift; path = SceneDelegate.swift; sourceTree = "<group>"; };
		4DED79FC28539F4000B0D02E /* ViewController.swift */ = {isa = PBXFileReference; lastKnownFileType = sourcecode.swift; path = ViewController.swift; sourceTree = "<group>"; };
		4DED79FF28539F4000B0D02E /* Base */ = {isa = PBXFileReference; lastKnownFileType = file.storyboard; name = Base; path = Base.lproj/Main.storyboard; sourceTree = "<group>"; };
		4DED7A0128539F4500B0D02E /* Assets.xcassets */ = {isa = PBXFileReference; lastKnownFileType = folder.assetcatalog; path = Assets.xcassets; sourceTree = "<group>"; };
		4DED7A0428539F4500B0D02E /* Base */ = {isa = PBXFileReference; lastKnownFileType = file.storyboard; name = Base; path = Base.lproj/LaunchScreen.storyboard; sourceTree = "<group>"; };
		4DED7A0628539F4500B0D02E /* Info.plist */ = {isa = PBXFileReference; lastKnownFileType = text.plist.xml; path = Info.plist; sourceTree = "<group>"; };
		4DED7A0B28539F4500B0D02E /* ImageViewAppTests.xctest */ = {isa = PBXFileReference; explicitFileType = wrapper.cfbundle; includeInIndex = 0; path = ImageViewAppTests.xctest; sourceTree = BUILT_PRODUCTS_DIR; };
		4DED7A0F28539F4500B0D02E /* ImageViewAppTests.swift */ = {isa = PBXFileReference; lastKnownFileType = sourcecode.swift; path = ImageViewAppTests.swift; sourceTree = "<group>"; };
		4DED7A1528539F4500B0D02E /* ImageViewAppUITests.xctest */ = {isa = PBXFileReference; explicitFileType = wrapper.cfbundle; includeInIndex = 0; path = ImageViewAppUITests.xctest; sourceTree = BUILT_PRODUCTS_DIR; };
		4DED7A1928539F4500B0D02E /* ImageViewAppUITests.swift */ = {isa = PBXFileReference; lastKnownFileType = sourcecode.swift; path = ImageViewAppUITests.swift; sourceTree = "<group>"; };
		4DED7A1B28539F4500B0D02E /* ImageViewAppUITestsLaunchTests.swift */ = {isa = PBXFileReference; lastKnownFileType = sourcecode.swift; path = ImageViewAppUITestsLaunchTests.swift; sourceTree = "<group>"; };
		4DED7A2828539FA600B0D02E /* photobooth.png */ = {isa = PBXFileReference; lastKnownFileType = image.png; path = photobooth.png; sourceTree = "<group>"; };
/* End PBXFileReference section */

/* Begin PBXFrameworksBuildPhase section */
		4DED79F228539F4000B0D02E /* Frameworks */ = {
			isa = PBXFrameworksBuildPhase;
			buildActionMask = 2147483647;
			files = (
			);
			runOnlyForDeploymentPostprocessing = 0;
		};
		4DED7A0828539F4500B0D02E /* Frameworks */ = {
			isa = PBXFrameworksBuildPhase;
			buildActionMask = 2147483647;
			files = (
			);
			runOnlyForDeploymentPostprocessing = 0;
		};
		4DED7A1228539F4500B0D02E /* Frameworks */ = {
			isa = PBXFrameworksBuildPhase;
			buildActionMask = 2147483647;
			files = (
			);
			runOnlyForDeploymentPostprocessing = 0;
		};
/* End PBXFrameworksBuildPhase section */

/* Begin PBXGroup section */
		4DED79EC28539F3F00B0D02E = {
			isa = PBXGroup;
			children = (
				4DED79F728539F4000B0D02E /* ImageViewApp */,
				4DED7A0E28539F4500B0D02E /* ImageViewAppTests */,
				4DED7A1828539F4500B0D02E /* ImageViewAppUITests */,
				4DED79F628539F4000B0D02E /* Products */,
			);
			sourceTree = "<group>";
		};
		4DED79F628539F4000B0D02E /* Products */ = {
			isa = PBXGroup;
			children = (
				4DED79F528539F4000B0D02E /* ImageViewApp.app */,
				4DED7A0B28539F4500B0D02E /* ImageViewAppTests.xctest */,
				4DED7A1528539F4500B0D02E /* ImageViewAppUITests.xctest */,
			);
			name = Products;
			sourceTree = "<group>";
		};
		4DED79F728539F4000B0D02E /* ImageViewApp */ = {
			isa = PBXGroup;
			children = (
				4DED79F828539F4000B0D02E /* AppDelegate.swift */,
				4DED79FA28539F4000B0D02E /* SceneDelegate.swift */,
				4DED79FC28539F4000B0D02E /* ViewController.swift */,
				4DED79FE28539F4000B0D02E /* Main.storyboard */,
				4DED7A0128539F4500B0D02E /* Assets.xcassets */,
				4DED7A0328539F4500B0D02E /* LaunchScreen.storyboard */,
				4DED7A0628539F4500B0D02E /* Info.plist */,
				4DED7A2828539FA600B0D02E /* photobooth.png */,
			);
			path = ImageViewApp;
			sourceTree = "<group>";
		};
		4DED7A0E28539F4500B0D02E /* ImageViewAppTests */ = {
			isa = PBXGroup;
			children = (
				4DED7A0F28539F4500B0D02E /* ImageViewAppTests.swift */,
			);
			path = ImageViewAppTests;
			sourceTree = "<group>";
		};
		4DED7A1828539F4500B0D02E /* ImageViewAppUITests */ = {
			isa = PBXGroup;
			children = (
				4DED7A1928539F4500B0D02E /* ImageViewAppUITests.swift */,
				4DED7A1B28539F4500B0D02E /* ImageViewAppUITestsLaunchTests.swift */,
			);
			path = ImageViewAppUITests;
			sourceTree = "<group>";
		};
/* End PBXGroup section */

/* Begin PBXNativeTarget section */
		4DED79F428539F4000B0D02E /* ImageViewApp */ = {
			isa = PBXNativeTarget;
			buildConfigurationList = 4DED7A1F28539F4500B0D02E /* Build configuration list for PBXNativeTarget "ImageViewApp" */;
			buildPhases = (
				4DED79F128539F4000B0D02E /* Sources */,
				4DED79F228539F4000B0D02E /* Frameworks */,
				4DED79F328539F4000B0D02E /* Resources */,
			);
			buildRules = (
			);
			dependencies = (
			);
			name = ImageViewApp;
			productName = ImageViewApp;
			productReference = 4DED79F528539F4000B0D02E /* ImageViewApp.app */;
			productType = "com.apple.product-type.application";
		};
		4DED7A0A28539F4500B0D02E /* ImageViewAppTests */ = {
			isa = PBXNativeTarget;
			buildConfigurationList = 4DED7A2228539F4500B0D02E /* Build configuration list for PBXNativeTarget "ImageViewAppTests" */;
			buildPhases = (
				4DED7A0728539F4500B0D02E /* Sources */,
				4DED7A0828539F4500B0D02E /* Frameworks */,
				4DED7A0928539F4500B0D02E /* Resources */,
			);
			buildRules = (
			);
			dependencies = (
				4DED7A0D28539F4500B0D02E /* PBXTargetDependency */,
			);
			name = ImageViewAppTests;
			productName = ImageViewAppTests;
			productReference = 4DED7A0B28539F4500B0D02E /* ImageViewAppTests.xctest */;
			productType = "com.apple.product-type.bundle.unit-test";
		};
		4DED7A1428539F4500B0D02E /* ImageViewAppUITests */ = {
			isa = PBXNativeTarget;
			buildConfigurationList = 4DED7A2528539F4500B0D02E /* Build configuration list for PBXNativeTarget "ImageViewAppUITests" */;
			buildPhases = (
				4DED7A1128539F4500B0D02E /* Sources */,
				4DED7A1228539F4500B0D02E /* Frameworks */,
				4DED7A1328539F4500B0D02E /* Resources */,
			);
			buildRules = (
			);
			dependencies = (
				4DED7A1728539F4500B0D02E /* PBXTargetDependency */,
			);
			name = ImageViewAppUITests;
			productName = ImageViewAppUITests;
			productReference = 4DED7A1528539F4500B0D02E /* ImageViewAppUITests.xctest */;
			productType = "com.apple.product-type.bundle.ui-testing";
		};
/* End PBXNativeTarget section */

/* Begin PBXProject section */
		4DED79ED28539F3F00B0D02E /* Project object */ = {
			isa = PBXProject;
			attributes = {
				BuildIndependentTargetsInParallel = 1;
				LastSwiftUpdateCheck = 1340;
				LastUpgradeCheck = 1340;
				TargetAttributes = {
					4DED79F428539F4000B0D02E = {
						CreatedOnToolsVersion = 13.4.1;
					};
					4DED7A0A28539F4500B0D02E = {
						CreatedOnToolsVersion = 13.4.1;
						TestTargetID = 4DED79F428539F4000B0D02E;
					};
					4DED7A1428539F4500B0D02E = {
						CreatedOnToolsVersion = 13.4.1;
						TestTargetID = 4DED79F428539F4000B0D02E;
					};
				};
			};
			buildConfigurationList = 4DED79F028539F3F00B0D02E /* Build configuration list for PBXProject "ImageViewApp" */;
			compatibilityVersion = "Xcode 13.0";
			developmentRegion = en;
			hasScannedForEncodings = 0;
			knownRegions = (
				en,
				Base,
			);
			mainGroup = 4DED79EC28539F3F00B0D02E;
			productRefGroup = 4DED79F628539F4000B0D02E /* Products */;
			projectDirPath = "";
			projectRoot = "";
			targets = (
				4DED79F428539F4000B0D02E /* ImageViewApp */,
				4DED7A0A28539F4500B0D02E /* ImageViewAppTests */,
				4DED7A1428539F4500B0D02E /* ImageViewAppUITests */,
			);
		};
/* End PBXProject section */

/* Begin PBXResourcesBuildPhase section */
		4DED79F328539F4000B0D02E /* Resources */ = {
			isa = PBXResourcesBuildPhase;
			buildActionMask = 2147483647;
			files = (
				4DED7A0528539F4500B0D02E /* LaunchScreen.storyboard in Resources */,
				4DED7A0228539F4500B0D02E /* Assets.xcassets in Resources */,
				4DED7A0028539F4000B0D02E /* Main.storyboard in Resources */,
				4DED7A2928539FA600B0D02E /* photobooth.png in Resources */,
			);
			runOnlyForDeploymentPostprocessing = 0;
		};
		4DED7A0928539F4500B0D02E /* Resources */ = {
			isa = PBXResourcesBuildPhase;
			buildActionMask = 2147483647;
			files = (
			);
			runOnlyForDeploymentPostprocessing = 0;
		};
		4DED7A1328539F4500B0D02E /* Resources */ = {
			isa = PBXResourcesBuildPhase;
			buildActionMask = 2147483647;
			files = (
			);
			runOnlyForDeploymentPostprocessing = 0;
		};
/* End PBXResourcesBuildPhase section */

/* Begin PBXSourcesBuildPhase section */
		4DED79F128539F4000B0D02E /* Sources */ = {
			isa = PBXSourcesBuildPhase;
			buildActionMask = 2147483647;
			files = (
				4DED79FD28539F4000B0D02E /* ViewController.swift in Sources */,
				4DED79F928539F4000B0D02E /* AppDelegate.swift in Sources */,
				4DED79FB28539F4000B0D02E /* SceneDelegate.swift in Sources */,
			);
			runOnlyForDeploymentPostprocessing = 0;
		};
		4DED7A0728539F4500B0D02E /* Sources */ = {
			isa = PBXSourcesBuildPhase;
			buildActionMask = 2147483647;
			files = (
				4DED7A1028539F4500B0D02E /* ImageViewAppTests.swift in Sources */,
			);
			runOnlyForDeploymentPostprocessing = 0;
		};
		4DED7A1128539F4500B0D02E /* Sources */ = {
			isa = PBXSourcesBuildPhase;
			buildActionMask = 2147483647;
			files = (
				4DED7A1A28539F4500B0D02E /* ImageViewAppUITests.swift in Sources */,
				4DED7A1C28539F4500B0D02E /* ImageViewAppUITestsLaunchTests.swift in Sources */,
			);
			runOnlyForDeploymentPostprocessing = 0;
		};
/* End PBXSourcesBuildPhase section */

/* Begin PBXTargetDependency section */
		4DED7A0D28539F4500B0D02E /* PBXTargetDependency */ = {
			isa = PBXTargetDependency;
			target = 4DED79F428539F4000B0D02E /* ImageViewApp */;
			targetProxy = 4DED7A0C28539F4500B0D02E /* PBXContainerItemProxy */;
		};
		4DED7A1728539F4500B0D02E /* PBXTargetDependency */ = {
			isa = PBXTargetDependency;
			target = 4DED79F428539F4000B0D02E /* ImageViewApp */;
			targetProxy = 4DED7A1628539F4500B0D02E /* PBXContainerItemProxy */;
		};
/* End PBXTargetDependency section */

/* Begin PBXVariantGroup section */
		4DED79FE28539F4000B0D02E /* Main.storyboard */ = {
			isa = PBXVariantGroup;
			children = (
				4DED79FF28539F4000B0D02E /* Base */,
			);
			name = Main.storyboard;
			sourceTree = "<group>";
		};
		4DED7A0328539F4500B0D02E /* LaunchScreen.storyboard */ = {
			isa = PBXVariantGroup;
			children = (
				4DED7A0428539F4500B0D02E /* Base */,
			);
			name = LaunchScreen.storyboard;
			sourceTree = "<group>";
		};
/* End PBXVariantGroup section */

/* Begin XCBuildConfiguration section */
		4DED7A1D28539F4500B0D02E /* Debug */ = {
			isa = XCBuildConfiguration;
			buildSettings = {
				ALWAYS_SEARCH_USER_PATHS = NO;
				CLANG_ANALYZER_NONNULL = YES;
				CLANG_ANALYZER_NUMBER_OBJECT_CONVERSION = YES_AGGRESSIVE;
				CLANG_CXX_LANGUAGE_STANDARD = "gnu++17";
				CLANG_ENABLE_MODULES = YES;
				CLANG_ENABLE_OBJC_ARC = YES;
				CLANG_ENABLE_OBJC_WEAK = YES;
				CLANG_WARN_BLOCK_CAPTURE_AUTORELEASING = YES;
				CLANG_WARN_BOOL_CONVERSION = YES;
				CLANG_WARN_COMMA = YES;
				CLANG_WARN_CONSTANT_CONVERSION = YES;
				CLANG_WARN_DEPRECATED_OBJC_IMPLEMENTATIONS = YES;
				CLANG_WARN_DIRECT_OBJC_ISA_USAGE = YES_ERROR;
				CLANG_WARN_DOCUMENTATION_COMMENTS = YES;
				CLANG_WARN_EMPTY_BODY = YES;
				CLANG_WARN_ENUM_CONVERSION = YES;
				CLANG_WARN_INFINITE_RECURSION = YES;
				CLANG_WARN_INT_CONVERSION = YES;
				CLANG_WARN_NON_LITERAL_NULL_CONVERSION = YES;
				CLANG_WARN_OBJC_IMPLICIT_RETAIN_SELF = YES;
				CLANG_WARN_OBJC_LITERAL_CONVERSION = YES;
				CLANG_WARN_OBJC_ROOT_CLASS = YES_ERROR;
				CLANG_WARN_QUOTED_INCLUDE_IN_FRAMEWORK_HEADER = YES;
				CLANG_WARN_RANGE_LOOP_ANALYSIS = YES;
				CLANG_WARN_STRICT_PROTOTYPES = YES;
				CLANG_WARN_SUSPICIOUS_MOVE = YES;
				CLANG_WARN_UNGUARDED_AVAILABILITY = YES_AGGRESSIVE;
				CLANG_WARN_UNREACHABLE_CODE = YES;
				CLANG_WARN__DUPLICATE_METHOD_MATCH = YES;
				COPY_PHASE_STRIP = NO;
				DEBUG_INFORMATION_FORMAT = dwarf;
				ENABLE_STRICT_OBJC_MSGSEND = YES;
				ENABLE_TESTABILITY = YES;
				GCC_C_LANGUAGE_STANDARD = gnu11;
				GCC_DYNAMIC_NO_PIC = NO;
				GCC_NO_COMMON_BLOCKS = YES;
				GCC_OPTIMIZATION_LEVEL = 0;
				GCC_PREPROCESSOR_DEFINITIONS = (
					"DEBUG=1",
					"$(inherited)",
				);
				GCC_WARN_64_TO_32_BIT_CONVERSION = YES;
				GCC_WARN_ABOUT_RETURN_TYPE = YES_ERROR;
				GCC_WARN_UNDECLARED_SELECTOR = YES;
				GCC_WARN_UNINITIALIZED_AUTOS = YES_AGGRESSIVE;
				GCC_WARN_UNUSED_FUNCTION = YES;
				GCC_WARN_UNUSED_VARIABLE = YES;
				IPHONEOS_DEPLOYMENT_TARGET = 15.5;
				MTL_ENABLE_DEBUG_INFO = INCLUDE_SOURCE;
				MTL_FAST_MATH = YES;
				ONLY_ACTIVE_ARCH = YES;
				SDKROOT = iphoneos;
				SWIFT_ACTIVE_COMPILATION_CONDITIONS = DEBUG;
				SWIFT_OPTIMIZATION_LEVEL = "-Onone";
			};
			name = Debug;
		};
		4DED7A1E28539F4500B0D02E /* Release */ = {
			isa = XCBuildConfiguration;
			buildSettings = {
				ALWAYS_SEARCH_USER_PATHS = NO;
				CLANG_ANALYZER_NONNULL = YES;
				CLANG_ANALYZER_NUMBER_OBJECT_CONVERSION = YES_AGGRESSIVE;
				CLANG_CXX_LANGUAGE_STANDARD = "gnu++17";
				CLANG_ENABLE_MODULES = YES;
				CLANG_ENABLE_OBJC_ARC = YES;
				CLANG_ENABLE_OBJC_WEAK = YES;
				CLANG_WARN_BLOCK_CAPTURE_AUTORELEASING = YES;
				CLANG_WARN_BOOL_CONVERSION = YES;
				CLANG_WARN_COMMA = YES;
				CLANG_WARN_CONSTANT_CONVERSION = YES;
				CLANG_WARN_DEPRECATED_OBJC_IMPLEMENTATIONS = YES;
				CLANG_WARN_DIRECT_OBJC_ISA_USAGE = YES_ERROR;
				CLANG_WARN_DOCUMENTATION_COMMENTS = YES;
				CLANG_WARN_EMPTY_BODY = YES;
				CLANG_WARN_ENUM_CONVERSION = YES;
				CLANG_WARN_INFINITE_RECURSION = YES;
				CLANG_WARN_INT_CONVERSION = YES;
				CLANG_WARN_NON_LITERAL_NULL_CONVERSION = YES;
				CLANG_WARN_OBJC_IMPLICIT_RETAIN_SELF = YES;
				CLANG_WARN_OBJC_LITERAL_CONVERSION = YES;
				CLANG_WARN_OBJC_ROOT_CLASS = YES_ERROR;
				CLANG_WARN_QUOTED_INCLUDE_IN_FRAMEWORK_HEADER = YES;
				CLANG_WARN_RANGE_LOOP_ANALYSIS = YES;
				CLANG_WARN_STRICT_PROTOTYPES = YES;
				CLANG_WARN_SUSPICIOUS_MOVE = YES;
				CLANG_WARN_UNGUARDED_AVAILABILITY = YES_AGGRESSIVE;
				CLANG_WARN_UNREACHABLE_CODE = YES;
				CLANG_WARN__DUPLICATE_METHOD_MATCH = YES;
				COPY_PHASE_STRIP = NO;
				DEBUG_INFORMATION_FORMAT = "dwarf-with-dsym";
				ENABLE_NS_ASSERTIONS = NO;
				ENABLE_STRICT_OBJC_MSGSEND = YES;
				GCC_C_LANGUAGE_STANDARD = gnu11;
				GCC_NO_COMMON_BLOCKS = YES;
				GCC_WARN_64_TO_32_BIT_CONVERSION = YES;
				GCC_WARN_ABOUT_RETURN_TYPE = YES_ERROR;
				GCC_WARN_UNDECLARED_SELECTOR = YES;
				GCC_WARN_UNINITIALIZED_AUTOS = YES_AGGRESSIVE;
				GCC_WARN_UNUSED_FUNCTION = YES;
				GCC_WARN_UNUSED_VARIABLE = YES;
				IPHONEOS_DEPLOYMENT_TARGET = 15.5;
				MTL_ENABLE_DEBUG_INFO = NO;
				MTL_FAST_MATH = YES;
				SDKROOT = iphoneos;
				SWIFT_COMPILATION_MODE = wholemodule;
				SWIFT_OPTIMIZATION_LEVEL = "-O";
				VALIDATE_PRODUCT = YES;
			};
			name = Release;
		};
		4DED7A2028539F4500B0D02E /* Debug */ = {
			isa = XCBuildConfiguration;
			buildSettings = {
				ASSETCATALOG_COMPILER_APPICON_NAME = AppIcon;
				ASSETCATALOG_COMPILER_GLOBAL_ACCENT_COLOR_NAME = AccentColor;
				CODE_SIGN_STYLE = Automatic;
				CURRENT_PROJECT_VERSION = 1;
				DEVELOPMENT_TEAM = L8RMCCPV5X;
				GENERATE_INFOPLIST_FILE = YES;
				INFOPLIST_FILE = ImageViewApp/Info.plist;
				INFOPLIST_KEY_UIApplicationSupportsIndirectInputEvents = YES;
				INFOPLIST_KEY_UILaunchStoryboardName = LaunchScreen;
				INFOPLIST_KEY_UIMainStoryboardFile = Main;
				INFOPLIST_KEY_UISupportedInterfaceOrientations_iPad = "UIInterfaceOrientationPortrait UIInterfaceOrientationPortraitUpsideDown UIInterfaceOrientationLandscapeLeft UIInterfaceOrientationLandscapeRight";
				INFOPLIST_KEY_UISupportedInterfaceOrientations_iPhone = "UIInterfaceOrientationPortrait UIInterfaceOrientationLandscapeLeft UIInterfaceOrientationLandscapeRight";
				LD_RUNPATH_SEARCH_PATHS = (
					"$(inherited)",
					"@executable_path/Frameworks",
				);
				MARKETING_VERSION = 1.0;
				PRODUCT_BUNDLE_IDENTIFIER = compsci.ImageViewApp;
				PRODUCT_NAME = "$(TARGET_NAME)";
				SWIFT_EMIT_LOC_STRINGS = YES;
				SWIFT_VERSION = 5.0;
				TARGETED_DEVICE_FAMILY = "1,2";
			};
			name = Debug;
		};
		4DED7A2128539F4500B0D02E /* Release */ = {
			isa = XCBuildConfiguration;
			buildSettings = {
				ASSETCATALOG_COMPILER_APPICON_NAME = AppIcon;
				ASSETCATALOG_COMPILER_GLOBAL_ACCENT_COLOR_NAME = AccentColor;
				CODE_SIGN_STYLE = Automatic;
				CURRENT_PROJECT_VERSION = 1;
				DEVELOPMENT_TEAM = L8RMCCPV5X;
				GENERATE_INFOPLIST_FILE = YES;
				INFOPLIST_FILE = ImageViewApp/Info.plist;
				INFOPLIST_KEY_UIApplicationSupportsIndirectInputEvents = YES;
				INFOPLIST_KEY_UILaunchStoryboardName = LaunchScreen;
				INFOPLIST_KEY_UIMainStoryboardFile = Main;
				INFOPLIST_KEY_UISupportedInterfaceOrientations_iPad = "UIInterfaceOrientationPortrait UIInterfaceOrientationPortraitUpsideDown UIInterfaceOrientationLandscapeLeft UIInterfaceOrientationLandscapeRight";
				INFOPLIST_KEY_UISupportedInterfaceOrientations_iPhone = "UIInterfaceOrientationPortrait UIInterfaceOrientationLandscapeLeft UIInterfaceOrientationLandscapeRight";
				LD_RUNPATH_SEARCH_PATHS = (
					"$(inherited)",
					"@executable_path/Frameworks",
				);
				MARKETING_VERSION = 1.0;
				PRODUCT_BUNDLE_IDENTIFIER = compsci.ImageViewApp;
				PRODUCT_NAME = "$(TARGET_NAME)";
				SWIFT_EMIT_LOC_STRINGS = YES;
				SWIFT_VERSION = 5.0;
				TARGETED_DEVICE_FAMILY = "1,2";
			};
			name = Release;
		};
		4DED7A2328539F4500B0D02E /* Debug */ = {
			isa = XCBuildConfiguration;
			buildSettings = {
				ALWAYS_EMBED_SWIFT_STANDARD_LIBRARIES = YES;
				BUNDLE_LOADER = "$(TEST_HOST)";
				CODE_SIGN_STYLE = Automatic;
				CURRENT_PROJECT_VERSION = 1;
				DEVELOPMENT_TEAM = L8RMCCPV5X;
				GENERATE_INFOPLIST_FILE = YES;
				IPHONEOS_DEPLOYMENT_TARGET = 15.5;
				MARKETING_VERSION = 1.0;
				PRODUCT_BUNDLE_IDENTIFIER = compsci.ImageViewAppTests;
				PRODUCT_NAME = "$(TARGET_NAME)";
				SWIFT_EMIT_LOC_STRINGS = NO;
				SWIFT_VERSION = 5.0;
				TARGETED_DEVICE_FAMILY = "1,2";
				TEST_HOST = "$(BUILT_PRODUCTS_DIR)/ImageViewApp.app/ImageViewApp";
			};
			name = Debug;
		};
		4DED7A2428539F4500B0D02E /* Release */ = {
			isa = XCBuildConfiguration;
			buildSettings = {
				ALWAYS_EMBED_SWIFT_STANDARD_LIBRARIES = YES;
				BUNDLE_LOADER = "$(TEST_HOST)";
				CODE_SIGN_STYLE = Automatic;
				CURRENT_PROJECT_VERSION = 1;
				DEVELOPMENT_TEAM = L8RMCCPV5X;
				GENERATE_INFOPLIST_FILE = YES;
				IPHONEOS_DEPLOYMENT_TARGET = 15.5;
				MARKETING_VERSION = 1.0;
				PRODUCT_BUNDLE_IDENTIFIER = compsci.ImageViewAppTests;
				PRODUCT_NAME = "$(TARGET_NAME)";
				SWIFT_EMIT_LOC_STRINGS = NO;
				SWIFT_VERSION = 5.0;
				TARGETED_DEVICE_FAMILY = "1,2";
				TEST_HOST = "$(BUILT_PRODUCTS_DIR)/ImageViewApp.app/ImageViewApp";
			};
			name = Release;
		};
		4DED7A2628539F4500B0D02E /* Debug */ = {
			isa = XCBuildConfiguration;
			buildSettings = {
				ALWAYS_EMBED_SWIFT_STANDARD_LIBRARIES = YES;
				CODE_SIGN_STYLE = Automatic;
				CURRENT_PROJECT_VERSION = 1;
				DEVELOPMENT_TEAM = L8RMCCPV5X;
				GENERATE_INFOPLIST_FILE = YES;
				MARKETING_VERSION = 1.0;
				PRODUCT_BUNDLE_IDENTIFIER = compsci.ImageViewAppUITests;
				PRODUCT_NAME = "$(TARGET_NAME)";
				SWIFT_EMIT_LOC_STRINGS = NO;
				SWIFT_VERSION = 5.0;
				TARGETED_DEVICE_FAMILY = "1,2";
				TEST_TARGET_NAME = ImageViewApp;
			};
			name = Debug;
		};
		4DED7A2728539F4500B0D02E /* Release */ = {
			isa = XCBuildConfiguration;
			buildSettings = {
				ALWAYS_EMBED_SWIFT_STANDARD_LIBRARIES = YES;
				CODE_SIGN_STYLE = Automatic;
				CURRENT_PROJECT_VERSION = 1;
				DEVELOPMENT_TEAM = L8RMCCPV5X;
				GENERATE_INFOPLIST_FILE = YES;
				MARKETING_VERSION = 1.0;
				PRODUCT_BUNDLE_IDENTIFIER = compsci.ImageViewAppUITests;
				PRODUCT_NAME = "$(TARGET_NAME)";
				SWIFT_EMIT_LOC_STRINGS = NO;
				SWIFT_VERSION = 5.0;
				TARGETED_DEVICE_FAMILY = "1,2";
				TEST_TARGET_NAME = ImageViewApp;
			};
			name = Release;
		};
/* End XCBuildConfiguration section */

/* Begin XCConfigurationList section */
		4DED79F028539F3F00B0D02E /* Build configuration list for PBXProject "ImageViewApp" */ = {
			isa = XCConfigurationList;
			buildConfigurations = (
				4DED7A1D28539F4500B0D02E /* Debug */,
				4DED7A1E28539F4500B0D02E /* Release */,
			);
			defaultConfigurationIsVisible = 0;
			defaultConfigurationName = Release;
		};
		4DED7A1F28539F4500B0D02E /* Build configuration list for PBXNativeTarget "ImageViewApp" */ = {
			isa = XCConfigurationList;
			buildConfigurations = (
				4DED7A2028539F4500B0D02E /* Debug */,
				4DED7A2128539F4500B0D02E /* Release */,
			);
			defaultConfigurationIsVisible = 0;
			defaultConfigurationName = Release;
		};
		4DED7A2228539F4500B0D02E /* Build configuration list for PBXNativeTarget "ImageViewAppTests" */ = {
			isa = XCConfigurationList;
			buildConfigurations = (
				4DED7A2328539F4500B0D02E /* Debug */,
				4DED7A2428539F4500B0D02E /* Release */,
			);
			defaultConfigurationIsVisible = 0;
			defaultConfigurationName = Release;
		};
		4DED7A2528539F4500B0D02E /* Build configuration list for PBXNativeTarget "ImageViewAppUITests" */ = {
			isa = XCConfigurationList;
			buildConfigurations = (
				4DED7A2628539F4500B0D02E /* Debug */,
				4DED7A2728539F4500B0D02E /* Release */,
			);
			defaultConfigurationIsVisible = 0;
			defaultConfigurationName = Release;
		};
/* End XCConfigurationList section */
	};
	rootObject = 4DED79ED28539F3F00B0D02E /* Project object */;
}
